// !$*UTF8*$!
{
	archiveVersion = 1;
	classes = {
	};
	objectVersion = 46;
	objects = {

/* Begin PBXBuildFile section */
		D20DC28F1A5FB6AB000EE995 /* r_drag-dot@2x.png in Resources */ = {isa = PBXBuildFile; fileRef = D20DC28E1A5FB6AB000EE995 /* r_drag-dot@2x.png */; };
		D22DE51E1A4C14A500E75F4E /* main.m in Sources */ = {isa = PBXBuildFile; fileRef = D22DE51D1A4C14A500E75F4E /* main.m */; };
		D22DE5211A4C14A500E75F4E /* AppDelegate.m in Sources */ = {isa = PBXBuildFile; fileRef = D22DE5201A4C14A500E75F4E /* AppDelegate.m */; };
		D22DE5241A4C14A500E75F4E /* ViewController.m in Sources */ = {isa = PBXBuildFile; fileRef = D22DE5231A4C14A500E75F4E /* ViewController.m */; };
		D22DE5271A4C14A500E75F4E /* Main.storyboard in Resources */ = {isa = PBXBuildFile; fileRef = D22DE5251A4C14A500E75F4E /* Main.storyboard */; };
		D22DE5291A4C14A500E75F4E /* Images.xcassets in Resources */ = {isa = PBXBuildFile; fileRef = D22DE5281A4C14A500E75F4E /* Images.xcassets */; };
		D22DE52C1A4C14A500E75F4E /* LaunchScreen.xib in Resources */ = {isa = PBXBuildFile; fileRef = D22DE52A1A4C14A500E75F4E /* LaunchScreen.xib */; };
		D22DE5381A4C14A500E75F4E /* WFReaderTests.m in Sources */ = {isa = PBXBuildFile; fileRef = D22DE5371A4C14A500E75F4E /* WFReaderTests.m */; };
		D22DE55B1A4C14C300E75F4E /* E_CommonManager.m in Sources */ = {isa = PBXBuildFile; fileRef = D22DE5441A4C14C300E75F4E /* E_CommonManager.m */; };
		D22DE55C1A4C14C300E75F4E /* E_EveryChapter.m in Sources */ = {isa = PBXBuildFile; fileRef = D22DE5461A4C14C300E75F4E /* E_EveryChapter.m */; };
		D22DE55D1A4C14C300E75F4E /* E_Paging.mm in Sources */ = {isa = PBXBuildFile; fileRef = D22DE5481A4C14C300E75F4E /* E_Paging.mm */; };
		D22DE55E1A4C14C300E75F4E /* E_ReaderDataSource.m in Sources */ = {isa = PBXBuildFile; fileRef = D22DE54A1A4C14C300E75F4E /* E_ReaderDataSource.m */; };
		D22DE55F1A4C14C300E75F4E /* Chapter1.txt in Resources */ = {isa = PBXBuildFile; fileRef = D22DE54C1A4C14C300E75F4E /* Chapter1.txt */; };
		D22DE5601A4C14C300E75F4E /* Chapter2.txt in Resources */ = {isa = PBXBuildFile; fileRef = D22DE54D1A4C14C300E75F4E /* Chapter2.txt */; };
		D22DE5611A4C14C300E75F4E /* Chapter3.txt in Resources */ = {isa = PBXBuildFile; fileRef = D22DE54E1A4C14C300E75F4E /* Chapter3.txt */; };
		D22DE5621A4C14C300E75F4E /* Chapter4.txt in Resources */ = {isa = PBXBuildFile; fileRef = D22DE54F1A4C14C300E75F4E /* Chapter4.txt */; };
		D22DE5631A4C14C300E75F4E /* Chapter5.txt in Resources */ = {isa = PBXBuildFile; fileRef = D22DE5501A4C14C300E75F4E /* Chapter5.txt */; };
		D22DE5641A4C14C300E75F4E /* Chapter6.txt in Resources */ = {isa = PBXBuildFile; fileRef = D22DE5511A4C14C300E75F4E /* Chapter6.txt */; };
		D22DE5651A4C14C300E75F4E /* Chapter7.txt in Resources */ = {isa = PBXBuildFile; fileRef = D22DE5521A4C14C300E75F4E /* Chapter7.txt */; };
		D22DE5661A4C14C300E75F4E /* E_ReaderView.m in Sources */ = {isa = PBXBuildFile; fileRef = D22DE5551A4C14C300E75F4E /* E_ReaderView.m */; };
		D22DE5671A4C14C300E75F4E /* E_ReaderViewController.m in Sources */ = {isa = PBXBuildFile; fileRef = D22DE5581A4C14C300E75F4E /* E_ReaderViewController.m */; };
		D22DE5681A4C14C300E75F4E /* E_ScrollViewController.m in Sources */ = {isa = PBXBuildFile; fileRef = D22DE55A1A4C14C300E75F4E /* E_ScrollViewController.m */; };
		D252B48B1AA459110060B8C5 /* E_Mark.m in Sources */ = {isa = PBXBuildFile; fileRef = D252B48A1AA459110060B8C5 /* E_Mark.m */; };
		D252B48E1AA46C4E0060B8C5 /* E_MarkTableViewCell.m in Sources */ = {isa = PBXBuildFile; fileRef = D252B48D1AA46C4E0060B8C5 /* E_MarkTableViewCell.m */; };
		D2720FBF1A8DDC8300D18B23 /* E_SettingTopBar.m in Sources */ = {isa = PBXBuildFile; fileRef = D2720FBE1A8DDC8300D18B23 /* E_SettingTopBar.m */; };
		D2720FC21A8DE13400D18B23 /* E_SettingBottomBar.m in Sources */ = {isa = PBXBuildFile; fileRef = D2720FC11A8DE13400D18B23 /* E_SettingBottomBar.m */; };
		D27768EF1A79F2F200607241 /* E_CursorView.m in Sources */ = {isa = PBXBuildFile; fileRef = D27768EE1A79F2F200607241 /* E_CursorView.m */; };
		D27768F21A7A05D800607241 /* E_MagnifiterView.m in Sources */ = {isa = PBXBuildFile; fileRef = D27768F11A7A05D800607241 /* E_MagnifiterView.m */; };
		D2949ED61A9031A500C8870C /* E_DrawerView.m in Sources */ = {isa = PBXBuildFile; fileRef = D2949ED51A9031A500C8870C /* E_DrawerView.m */; };
		D2949EDB1A90351A00C8870C /* UIImage+ImageEffects.m in Sources */ = {isa = PBXBuildFile; fileRef = D2949EDA1A90351A00C8870C /* UIImage+ImageEffects.m */; };
		D2949EE11A90446800C8870C /* E_ListView.m in Sources */ = {isa = PBXBuildFile; fileRef = D2949EE01A90446800C8870C /* E_ListView.m */; };
		D2949EE41A909A0600C8870C /* ILSlider.m in Sources */ = {isa = PBXBuildFile; fileRef = D2949EE31A909A0600C8870C /* ILSlider.m */; };
		D2949EED1A90A2DB00C8870C /* reader_font_decrease@2x.png in Resources */ = {isa = PBXBuildFile; fileRef = D2949EEB1A90A2DB00C8870C /* reader_font_decrease@2x.png */; };
		D2949EEE1A90A2DB00C8870C /* reader_font_increase@2x.png in Resources */ = {isa = PBXBuildFile; fileRef = D2949EEC1A90A2DB00C8870C /* reader_font_increase@2x.png */; };
		D2949EF01A90A3C400C8870C /* reader_cover@2x.png in Resources */ = {isa = PBXBuildFile; fileRef = D2949EEF1A90A3C400C8870C /* reader_cover@2x.png */; };
		D2949EF21A90A40D00C8870C /* reader_comments@2x.png in Resources */ = {isa = PBXBuildFile; fileRef = D2949EF11A90A40D00C8870C /* reader_comments@2x.png */; };
		D2949EF41A90A47000C8870C /* reader_more@2x.png in Resources */ = {isa = PBXBuildFile; fileRef = D2949EF31A90A47000C8870C /* reader_more@2x.png */; };
		D2A887D11AA6A02C0063BBC5 /* E_HUDView.m in Sources */ = {isa = PBXBuildFile; fileRef = D2A887D01AA6A02C0063BBC5 /* E_HUDView.m */; };
		D2BA5EDC1AA16D44008FA43F /* E_SearchViewController.m in Sources */ = {isa = PBXBuildFile; fileRef = D2BA5EDB1AA16D44008FA43F /* E_SearchViewController.m */; };
		D2BA5EDE1AA1716F008FA43F /* magnifiter@2x.png in Resources */ = {isa = PBXBuildFile; fileRef = D2BA5EDD1AA1716F008FA43F /* magnifiter@2x.png */; };
		D2BA5EE11AA19AFB008FA43F /* E_SearchTableViewCell.m in Sources */ = {isa = PBXBuildFile; fileRef = D2BA5EE01AA19AFB008FA43F /* E_SearchTableViewCell.m */; };
		D2BA5EF31AA1A6B7008FA43F /* MJRefresh.bundle in Resources */ = {isa = PBXBuildFile; fileRef = D2BA5EE31AA1A6B7008FA43F /* MJRefresh.bundle */; };
		D2BA5EF41AA1A6B7008FA43F /* MJRefreshBaseView.m in Sources */ = {isa = PBXBuildFile; fileRef = D2BA5EE61AA1A6B7008FA43F /* MJRefreshBaseView.m */; };
		D2BA5EF51AA1A6B7008FA43F /* MJRefreshConst.m in Sources */ = {isa = PBXBuildFile; fileRef = D2BA5EE81AA1A6B7008FA43F /* MJRefreshConst.m */; };
		D2BA5EF61AA1A6B7008FA43F /* MJRefreshFooterView.m in Sources */ = {isa = PBXBuildFile; fileRef = D2BA5EEA1AA1A6B7008FA43F /* MJRefreshFooterView.m */; };
		D2BA5EF71AA1A6B7008FA43F /* MJRefreshHeaderView.m in Sources */ = {isa = PBXBuildFile; fileRef = D2BA5EEC1AA1A6B7008FA43F /* MJRefreshHeaderView.m */; };
		D2BA5EF81AA1A6B7008FA43F /* UIScrollView+Extension.m in Sources */ = {isa = PBXBuildFile; fileRef = D2BA5EEE1AA1A6B7008FA43F /* UIScrollView+Extension.m */; };
		D2BA5EF91AA1A6B7008FA43F /* UIScrollView+MJRefresh.m in Sources */ = {isa = PBXBuildFile; fileRef = D2BA5EF01AA1A6B7008FA43F /* UIScrollView+MJRefresh.m */; };
		D2BA5EFA1AA1A6B7008FA43F /* UIView+Extension.m in Sources */ = {isa = PBXBuildFile; fileRef = D2BA5EF21AA1A6B7008FA43F /* UIView+Extension.m */; };
		D2BBD7CA1AA04DD900029980 /* reader_bg_s@2x.png in Resources */ = {isa = PBXBuildFile; fileRef = D2BBD7C41AA04DD900029980 /* reader_bg_s@2x.png */; };
		D2BBD7CB1AA04DD900029980 /* reader_bg1@2x.png in Resources */ = {isa = PBXBuildFile; fileRef = D2BBD7C51AA04DD900029980 /* reader_bg1@2x.png */; };
		D2BBD7CC1AA04DD900029980 /* reader_bg2@2x.png in Resources */ = {isa = PBXBuildFile; fileRef = D2BBD7C61AA04DD900029980 /* reader_bg2@2x.png */; };
		D2BBD7CD1AA04DD900029980 /* reader_bg3@2x.png in Resources */ = {isa = PBXBuildFile; fileRef = D2BBD7C71AA04DD900029980 /* reader_bg3@2x.png */; };
		D2BBD7CE1AA04DD900029980 /* reader_bg4@2x.png in Resources */ = {isa = PBXBuildFile; fileRef = D2BBD7C81AA04DD900029980 /* reader_bg4@2x.png */; };
		D2BBD7CF1AA04DD900029980 /* reader_bg5@2x.png in Resources */ = {isa = PBXBuildFile; fileRef = D2BBD7C91AA04DD900029980 /* reader_bg5@2x.png */; };
		D2C1EB011AA5572200967762 /* NSDate+NSDate_E_Date.m in Sources */ = {isa = PBXBuildFile; fileRef = D2C1EB001AA5572200967762 /* NSDate+NSDate_E_Date.m */; };
		D2C1EB071AA59CF200967762 /* NJKWebViewProgress.m in Sources */ = {isa = PBXBuildFile; fileRef = D2C1EB041AA59CF200967762 /* NJKWebViewProgress.m */; };
		D2C1EB081AA59CF200967762 /* NJKWebViewProgressView.m in Sources */ = {isa = PBXBuildFile; fileRef = D2C1EB061AA59CF200967762 /* NJKWebViewProgressView.m */; };
		D2C1EB0B1AA59D9400967762 /* E_WebViewControler.m in Sources */ = {isa = PBXBuildFile; fileRef = D2C1EB0A1AA59D9400967762 /* E_WebViewControler.m */; };
		D2C4FEFA1AA0639600DD14CE /* r_ribbonRed@2x.png in Resources */ = {isa = PBXBuildFile; fileRef = D2C4FEF71AA0639600DD14CE /* r_ribbonRed@2x.png */; };
		D2C4FF041AA0674000DD14CE /* menuClose.png in Resources */ = {isa = PBXBuildFile; fileRef = D2C4FEFF1AA0674000DD14CE /* menuClose.png */; };
		D2C4FF0A1AA067DA00DD14CE /* CDSideBarController.m in Sources */ = {isa = PBXBuildFile; fileRef = D2C4FF091AA067DA00DD14CE /* CDSideBarController.m */; };
		D2C4FF0E1AA06E1100DD14CE /* friend@2x.png in Resources */ = {isa = PBXBuildFile; fileRef = D2C4FF0B1AA06E1100DD14CE /* friend@2x.png */; };
		D2C4FF0F1AA06E1100DD14CE /* sina@2x.png in Resources */ = {isa = PBXBuildFile; fileRef = D2C4FF0C1AA06E1100DD14CE /* sina@2x.png */; };
		D2C4FF101AA06E1100DD14CE /* weixin@2x.png in Resources */ = {isa = PBXBuildFile; fileRef = D2C4FF0D1AA06E1100DD14CE /* weixin@2x.png */; };
		D2C4FF131AA06F8400DD14CE /* E_CommentViewController.m in Sources */ = {isa = PBXBuildFile; fileRef = D2C4FF121AA06F8400DD14CE /* E_CommentViewController.m */; };
/* End PBXBuildFile section */

/* Begin PBXContainerItemProxy section */
		D22DE5321A4C14A500E75F4E /* PBXContainerItemProxy */ = {
			isa = PBXContainerItemProxy;
			containerPortal = D22DE5101A4C14A500E75F4E /* Project object */;
			proxyType = 1;
			remoteGlobalIDString = D22DE5171A4C14A500E75F4E;
			remoteInfo = WFReader;
		};
/* End PBXContainerItemProxy section */

/* Begin PBXFileReference section */
		D206F34C1A4C164300A50C29 /* E_ContantFile.h */ = {isa = PBXFileReference; lastKnownFileType = sourcecode.c.h; path = E_ContantFile.h; sourceTree = "<group>"; };
		D20DC28E1A5FB6AB000EE995 /* r_drag-dot@2x.png */ = {isa = PBXFileReference; lastKnownFileType = image.png; path = "r_drag-dot@2x.png"; sourceTree = "<group>"; };
		D22DE5181A4C14A500E75F4E /* WFReader.app */ = {isa = PBXFileReference; explicitFileType = wrapper.application; includeInIndex = 0; path = WFReader.app; sourceTree = BUILT_PRODUCTS_DIR; };
		D22DE51C1A4C14A500E75F4E /* Info.plist */ = {isa = PBXFileReference; lastKnownFileType = text.plist.xml; path = Info.plist; sourceTree = "<group>"; };
		D22DE51D1A4C14A500E75F4E /* main.m */ = {isa = PBXFileReference; lastKnownFileType = sourcecode.c.objc; path = main.m; sourceTree = "<group>"; };
		D22DE51F1A4C14A500E75F4E /* AppDelegate.h */ = {isa = PBXFileReference; lastKnownFileType = sourcecode.c.h; path = AppDelegate.h; sourceTree = "<group>"; };
		D22DE5201A4C14A500E75F4E /* AppDelegate.m */ = {isa = PBXFileReference; lastKnownFileType = sourcecode.c.objc; path = AppDelegate.m; sourceTree = "<group>"; };
		D22DE5221A4C14A500E75F4E /* ViewController.h */ = {isa = PBXFileReference; lastKnownFileType = sourcecode.c.h; path = ViewController.h; sourceTree = "<group>"; };
		D22DE5231A4C14A500E75F4E /* ViewController.m */ = {isa = PBXFileReference; lastKnownFileType = sourcecode.c.objc; path = ViewController.m; sourceTree = "<group>"; };
		D22DE5261A4C14A500E75F4E /* Base */ = {isa = PBXFileReference; lastKnownFileType = file.storyboard; name = Base; path = Base.lproj/Main.storyboard; sourceTree = "<group>"; };
		D22DE5281A4C14A500E75F4E /* Images.xcassets */ = {isa = PBXFileReference; lastKnownFileType = folder.assetcatalog; path = Images.xcassets; sourceTree = "<group>"; };
		D22DE52B1A4C14A500E75F4E /* Base */ = {isa = PBXFileReference; lastKnownFileType = file.xib; name = Base; path = Base.lproj/LaunchScreen.xib; sourceTree = "<group>"; };
		D22DE5311A4C14A500E75F4E /* WFReaderTests.xctest */ = {isa = PBXFileReference; explicitFileType = wrapper.cfbundle; includeInIndex = 0; path = WFReaderTests.xctest; sourceTree = BUILT_PRODUCTS_DIR; };
		D22DE5361A4C14A500E75F4E /* Info.plist */ = {isa = PBXFileReference; lastKnownFileType = text.plist.xml; path = Info.plist; sourceTree = "<group>"; };
		D22DE5371A4C14A500E75F4E /* WFReaderTests.m */ = {isa = PBXFileReference; lastKnownFileType = sourcecode.c.objc; path = WFReaderTests.m; sourceTree = "<group>"; };
		D22DE5431A4C14C300E75F4E /* E_CommonManager.h */ = {isa = PBXFileReference; fileEncoding = 4; lastKnownFileType = sourcecode.c.h; path = E_CommonManager.h; sourceTree = "<group>"; };
		D22DE5441A4C14C300E75F4E /* E_CommonManager.m */ = {isa = PBXFileReference; fileEncoding = 4; lastKnownFileType = sourcecode.c.objc; path = E_CommonManager.m; sourceTree = "<group>"; };
		D22DE5451A4C14C300E75F4E /* E_EveryChapter.h */ = {isa = PBXFileReference; fileEncoding = 4; lastKnownFileType = sourcecode.c.h; path = E_EveryChapter.h; sourceTree = "<group>"; };
		D22DE5461A4C14C300E75F4E /* E_EveryChapter.m */ = {isa = PBXFileReference; fileEncoding = 4; lastKnownFileType = sourcecode.c.objc; path = E_EveryChapter.m; sourceTree = "<group>"; };
		D22DE5471A4C14C300E75F4E /* E_Paging.h */ = {isa = PBXFileReference; fileEncoding = 4; lastKnownFileType = sourcecode.c.h; path = E_Paging.h; sourceTree = "<group>"; };
		D22DE5481A4C14C300E75F4E /* E_Paging.mm */ = {isa = PBXFileReference; fileEncoding = 4; lastKnownFileType = sourcecode.cpp.objcpp; path = E_Paging.mm; sourceTree = "<group>"; };
		D22DE5491A4C14C300E75F4E /* E_ReaderDataSource.h */ = {isa = PBXFileReference; fileEncoding = 4; lastKnownFileType = sourcecode.c.h; path = E_ReaderDataSource.h; sourceTree = "<group>"; };
		D22DE54A1A4C14C300E75F4E /* E_ReaderDataSource.m */ = {isa = PBXFileReference; fileEncoding = 4; lastKnownFileType = sourcecode.c.objc; path = E_ReaderDataSource.m; sourceTree = "<group>"; };
		D22DE54C1A4C14C300E75F4E /* Chapter1.txt */ = {isa = PBXFileReference; fileEncoding = 4; lastKnownFileType = text; path = Chapter1.txt; sourceTree = "<group>"; };
		D22DE54D1A4C14C300E75F4E /* Chapter2.txt */ = {isa = PBXFileReference; fileEncoding = 4; lastKnownFileType = text; path = Chapter2.txt; sourceTree = "<group>"; };
		D22DE54E1A4C14C300E75F4E /* Chapter3.txt */ = {isa = PBXFileReference; fileEncoding = 4; lastKnownFileType = text; path = Chapter3.txt; sourceTree = "<group>"; };
		D22DE54F1A4C14C300E75F4E /* Chapter4.txt */ = {isa = PBXFileReference; fileEncoding = 4; lastKnownFileType = text; path = Chapter4.txt; sourceTree = "<group>"; };
		D22DE5501A4C14C300E75F4E /* Chapter5.txt */ = {isa = PBXFileReference; fileEncoding = 4; lastKnownFileType = text; path = Chapter5.txt; sourceTree = "<group>"; };
		D22DE5511A4C14C300E75F4E /* Chapter6.txt */ = {isa = PBXFileReference; fileEncoding = 4; lastKnownFileType = text; path = Chapter6.txt; sourceTree = "<group>"; };
		D22DE5521A4C14C300E75F4E /* Chapter7.txt */ = {isa = PBXFileReference; fileEncoding = 4; lastKnownFileType = text; path = Chapter7.txt; sourceTree = "<group>"; };
		D22DE5541A4C14C300E75F4E /* E_ReaderView.h */ = {isa = PBXFileReference; fileEncoding = 4; lastKnownFileType = sourcecode.c.h; path = E_ReaderView.h; sourceTree = "<group>"; };
		D22DE5551A4C14C300E75F4E /* E_ReaderView.m */ = {isa = PBXFileReference; fileEncoding = 4; lastKnownFileType = sourcecode.c.objc; path = E_ReaderView.m; sourceTree = "<group>"; };
		D22DE5571A4C14C300E75F4E /* E_ReaderViewController.h */ = {isa = PBXFileReference; fileEncoding = 4; lastKnownFileType = sourcecode.c.h; path = E_ReaderViewController.h; sourceTree = "<group>"; };
		D22DE5581A4C14C300E75F4E /* E_ReaderViewController.m */ = {isa = PBXFileReference; fileEncoding = 4; lastKnownFileType = sourcecode.c.objc; path = E_ReaderViewController.m; sourceTree = "<group>"; };
		D22DE5591A4C14C300E75F4E /* E_ScrollViewController.h */ = {isa = PBXFileReference; fileEncoding = 4; lastKnownFileType = sourcecode.c.h; path = E_ScrollViewController.h; sourceTree = "<group>"; };
		D22DE55A1A4C14C300E75F4E /* E_ScrollViewController.m */ = {isa = PBXFileReference; fileEncoding = 4; lastKnownFileType = sourcecode.c.objc; path = E_ScrollViewController.m; sourceTree = "<group>"; };
		D252B4891AA459110060B8C5 /* E_Mark.h */ = {isa = PBXFileReference; fileEncoding = 4; lastKnownFileType = sourcecode.c.h; path = E_Mark.h; sourceTree = "<group>"; };
		D252B48A1AA459110060B8C5 /* E_Mark.m */ = {isa = PBXFileReference; fileEncoding = 4; lastKnownFileType = sourcecode.c.objc; path = E_Mark.m; sourceTree = "<group>"; };
		D252B48C1AA46C4E0060B8C5 /* E_MarkTableViewCell.h */ = {isa = PBXFileReference; fileEncoding = 4; lastKnownFileType = sourcecode.c.h; path = E_MarkTableViewCell.h; sourceTree = "<group>"; };
		D252B48D1AA46C4E0060B8C5 /* E_MarkTableViewCell.m */ = {isa = PBXFileReference; fileEncoding = 4; lastKnownFileType = sourcecode.c.objc; path = E_MarkTableViewCell.m; sourceTree = "<group>"; };
		D2720FBD1A8DDC8300D18B23 /* E_SettingTopBar.h */ = {isa = PBXFileReference; fileEncoding = 4; lastKnownFileType = sourcecode.c.h; path = E_SettingTopBar.h; sourceTree = "<group>"; };
		D2720FBE1A8DDC8300D18B23 /* E_SettingTopBar.m */ = {isa = PBXFileReference; fileEncoding = 4; lastKnownFileType = sourcecode.c.objc; path = E_SettingTopBar.m; sourceTree = "<group>"; };
		D2720FC01A8DE13400D18B23 /* E_SettingBottomBar.h */ = {isa = PBXFileReference; fileEncoding = 4; lastKnownFileType = sourcecode.c.h; path = E_SettingBottomBar.h; sourceTree = "<group>"; };
		D2720FC11A8DE13400D18B23 /* E_SettingBottomBar.m */ = {isa = PBXFileReference; fileEncoding = 4; lastKnownFileType = sourcecode.c.objc; path = E_SettingBottomBar.m; sourceTree = "<group>"; };
		D27768ED1A79F2F200607241 /* E_CursorView.h */ = {isa = PBXFileReference; fileEncoding = 4; lastKnownFileType = sourcecode.c.h; path = E_CursorView.h; sourceTree = "<group>"; };
		D27768EE1A79F2F200607241 /* E_CursorView.m */ = {isa = PBXFileReference; fileEncoding = 4; lastKnownFileType = sourcecode.c.objc; path = E_CursorView.m; sourceTree = "<group>"; };
		D27768F01A7A05D800607241 /* E_MagnifiterView.h */ = {isa = PBXFileReference; fileEncoding = 4; lastKnownFileType = sourcecode.c.h; path = E_MagnifiterView.h; sourceTree = "<group>"; };
		D27768F11A7A05D800607241 /* E_MagnifiterView.m */ = {isa = PBXFileReference; fileEncoding = 4; lastKnownFileType = sourcecode.c.objc; path = E_MagnifiterView.m; sourceTree = "<group>"; };
		D2949ED41A9031A500C8870C /* E_DrawerView.h */ = {isa = PBXFileReference; fileEncoding = 4; lastKnownFileType = sourcecode.c.h; path = E_DrawerView.h; sourceTree = "<group>"; };
		D2949ED51A9031A500C8870C /* E_DrawerView.m */ = {isa = PBXFileReference; fileEncoding = 4; lastKnownFileType = sourcecode.c.objc; path = E_DrawerView.m; sourceTree = "<group>"; };
		D2949ED91A90351A00C8870C /* UIImage+ImageEffects.h */ = {isa = PBXFileReference; fileEncoding = 4; lastKnownFileType = sourcecode.c.h; path = "UIImage+ImageEffects.h"; sourceTree = "<group>"; };
		D2949EDA1A90351A00C8870C /* UIImage+ImageEffects.m */ = {isa = PBXFileReference; fileEncoding = 4; lastKnownFileType = sourcecode.c.objc; path = "UIImage+ImageEffects.m"; sourceTree = "<group>"; };
		D2949EDF1A90446800C8870C /* E_ListView.h */ = {isa = PBXFileReference; fileEncoding = 4; lastKnownFileType = sourcecode.c.h; path = E_ListView.h; sourceTree = "<group>"; };
		D2949EE01A90446800C8870C /* E_ListView.m */ = {isa = PBXFileReference; fileEncoding = 4; lastKnownFileType = sourcecode.c.objc; path = E_ListView.m; sourceTree = "<group>"; };
		D2949EE21A909A0600C8870C /* ILSlider.h */ = {isa = PBXFileReference; fileEncoding = 4; lastKnownFileType = sourcecode.c.h; path = ILSlider.h; sourceTree = "<group>"; };
		D2949EE31A909A0600C8870C /* ILSlider.m */ = {isa = PBXFileReference; fileEncoding = 4; lastKnownFileType = sourcecode.c.objc; path = ILSlider.m; sourceTree = "<group>"; };
		D2949EEB1A90A2DB00C8870C /* reader_font_decrease@2x.png */ = {isa = PBXFileReference; lastKnownFileType = image.png; path = "reader_font_decrease@2x.png"; sourceTree = "<group>"; };
		D2949EEC1A90A2DB00C8870C /* reader_font_increase@2x.png */ = {isa = PBXFileReference; lastKnownFileType = image.png; path = "reader_font_increase@2x.png"; sourceTree = "<group>"; };
		D2949EEF1A90A3C400C8870C /* reader_cover@2x.png */ = {isa = PBXFileReference; lastKnownFileType = image.png; path = "reader_cover@2x.png"; sourceTree = "<group>"; };
		D2949EF11A90A40D00C8870C /* reader_comments@2x.png */ = {isa = PBXFileReference; lastKnownFileType = image.png; path = "reader_comments@2x.png"; sourceTree = "<group>"; };
		D2949EF31A90A47000C8870C /* reader_more@2x.png */ = {isa = PBXFileReference; lastKnownFileType = image.png; path = "reader_more@2x.png"; sourceTree = "<group>"; };
		D2A887CF1AA6A02C0063BBC5 /* E_HUDView.h */ = {isa = PBXFileReference; fileEncoding = 4; lastKnownFileType = sourcecode.c.h; path = E_HUDView.h; sourceTree = "<group>"; };
		D2A887D01AA6A02C0063BBC5 /* E_HUDView.m */ = {isa = PBXFileReference; fileEncoding = 4; lastKnownFileType = sourcecode.c.objc; path = E_HUDView.m; sourceTree = "<group>"; };
		D2BA5EDA1AA16D44008FA43F /* E_SearchViewController.h */ = {isa = PBXFileReference; fileEncoding = 4; lastKnownFileType = sourcecode.c.h; path = E_SearchViewController.h; sourceTree = "<group>"; };
		D2BA5EDB1AA16D44008FA43F /* E_SearchViewController.m */ = {isa = PBXFileReference; fileEncoding = 4; lastKnownFileType = sourcecode.c.objc; path = E_SearchViewController.m; sourceTree = "<group>"; };
		D2BA5EDD1AA1716F008FA43F /* magnifiter@2x.png */ = {isa = PBXFileReference; lastKnownFileType = image.png; path = "magnifiter@2x.png"; sourceTree = "<group>"; };
		D2BA5EDF1AA19AFB008FA43F /* E_SearchTableViewCell.h */ = {isa = PBXFileReference; fileEncoding = 4; lastKnownFileType = sourcecode.c.h; path = E_SearchTableViewCell.h; sourceTree = "<group>"; };
		D2BA5EE01AA19AFB008FA43F /* E_SearchTableViewCell.m */ = {isa = PBXFileReference; fileEncoding = 4; lastKnownFileType = sourcecode.c.objc; path = E_SearchTableViewCell.m; sourceTree = "<group>"; };
		D2BA5EE31AA1A6B7008FA43F /* MJRefresh.bundle */ = {isa = PBXFileReference; lastKnownFileType = "wrapper.plug-in"; path = MJRefresh.bundle; sourceTree = "<group>"; };
		D2BA5EE41AA1A6B7008FA43F /* MJRefresh.h */ = {isa = PBXFileReference; fileEncoding = 4; lastKnownFileType = sourcecode.c.h; path = MJRefresh.h; sourceTree = "<group>"; };
		D2BA5EE51AA1A6B7008FA43F /* MJRefreshBaseView.h */ = {isa = PBXFileReference; fileEncoding = 4; lastKnownFileType = sourcecode.c.h; path = MJRefreshBaseView.h; sourceTree = "<group>"; };
		D2BA5EE61AA1A6B7008FA43F /* MJRefreshBaseView.m */ = {isa = PBXFileReference; fileEncoding = 4; lastKnownFileType = sourcecode.c.objc; path = MJRefreshBaseView.m; sourceTree = "<group>"; };
		D2BA5EE71AA1A6B7008FA43F /* MJRefreshConst.h */ = {isa = PBXFileReference; fileEncoding = 4; lastKnownFileType = sourcecode.c.h; path = MJRefreshConst.h; sourceTree = "<group>"; };
		D2BA5EE81AA1A6B7008FA43F /* MJRefreshConst.m */ = {isa = PBXFileReference; fileEncoding = 4; lastKnownFileType = sourcecode.c.objc; path = MJRefreshConst.m; sourceTree = "<group>"; };
		D2BA5EE91AA1A6B7008FA43F /* MJRefreshFooterView.h */ = {isa = PBXFileReference; fileEncoding = 4; lastKnownFileType = sourcecode.c.h; path = MJRefreshFooterView.h; sourceTree = "<group>"; };
		D2BA5EEA1AA1A6B7008FA43F /* MJRefreshFooterView.m */ = {isa = PBXFileReference; fileEncoding = 4; lastKnownFileType = sourcecode.c.objc; path = MJRefreshFooterView.m; sourceTree = "<group>"; };
		D2BA5EEB1AA1A6B7008FA43F /* MJRefreshHeaderView.h */ = {isa = PBXFileReference; fileEncoding = 4; lastKnownFileType = sourcecode.c.h; path = MJRefreshHeaderView.h; sourceTree = "<group>"; };
		D2BA5EEC1AA1A6B7008FA43F /* MJRefreshHeaderView.m */ = {isa = PBXFileReference; fileEncoding = 4; lastKnownFileType = sourcecode.c.objc; path = MJRefreshHeaderView.m; sourceTree = "<group>"; };
		D2BA5EED1AA1A6B7008FA43F /* UIScrollView+Extension.h */ = {isa = PBXFileReference; fileEncoding = 4; lastKnownFileType = sourcecode.c.h; path = "UIScrollView+Extension.h"; sourceTree = "<group>"; };
		D2BA5EEE1AA1A6B7008FA43F /* UIScrollView+Extension.m */ = {isa = PBXFileReference; fileEncoding = 4; lastKnownFileType = sourcecode.c.objc; path = "UIScrollView+Extension.m"; sourceTree = "<group>"; };
		D2BA5EEF1AA1A6B7008FA43F /* UIScrollView+MJRefresh.h */ = {isa = PBXFileReference; fileEncoding = 4; lastKnownFileType = sourcecode.c.h; path = "UIScrollView+MJRefresh.h"; sourceTree = "<group>"; };
		D2BA5EF01AA1A6B7008FA43F /* UIScrollView+MJRefresh.m */ = {isa = PBXFileReference; fileEncoding = 4; lastKnownFileType = sourcecode.c.objc; path = "UIScrollView+MJRefresh.m"; sourceTree = "<group>"; };
		D2BA5EF11AA1A6B7008FA43F /* UIView+Extension.h */ = {isa = PBXFileReference; fileEncoding = 4; lastKnownFileType = sourcecode.c.h; path = "UIView+Extension.h"; sourceTree = "<group>"; };
		D2BA5EF21AA1A6B7008FA43F /* UIView+Extension.m */ = {isa = PBXFileReference; fileEncoding = 4; lastKnownFileType = sourcecode.c.objc; path = "UIView+Extension.m"; sourceTree = "<group>"; };
		D2BBD7C41AA04DD900029980 /* reader_bg_s@2x.png */ = {isa = PBXFileReference; lastKnownFileType = image.png; path = "reader_bg_s@2x.png"; sourceTree = "<group>"; };
		D2BBD7C51AA04DD900029980 /* reader_bg1@2x.png */ = {isa = PBXFileReference; lastKnownFileType = image.png; path = "reader_bg1@2x.png"; sourceTree = "<group>"; };
		D2BBD7C61AA04DD900029980 /* reader_bg2@2x.png */ = {isa = PBXFileReference; lastKnownFileType = image.png; path = "reader_bg2@2x.png"; sourceTree = "<group>"; };
		D2BBD7C71AA04DD900029980 /* reader_bg3@2x.png */ = {isa = PBXFileReference; lastKnownFileType = image.png; path = "reader_bg3@2x.png"; sourceTree = "<group>"; };
		D2BBD7C81AA04DD900029980 /* reader_bg4@2x.png */ = {isa = PBXFileReference; lastKnownFileType = image.png; path = "reader_bg4@2x.png"; sourceTree = "<group>"; };
		D2BBD7C91AA04DD900029980 /* reader_bg5@2x.png */ = {isa = PBXFileReference; lastKnownFileType = image.png; path = "reader_bg5@2x.png"; sourceTree = "<group>"; };
		D2C1EAFF1AA5572200967762 /* NSDate+NSDate_E_Date.h */ = {isa = PBXFileReference; fileEncoding = 4; lastKnownFileType = sourcecode.c.h; path = "NSDate+NSDate_E_Date.h"; sourceTree = "<group>"; };
		D2C1EB001AA5572200967762 /* NSDate+NSDate_E_Date.m */ = {isa = PBXFileReference; fileEncoding = 4; lastKnownFileType = sourcecode.c.objc; path = "NSDate+NSDate_E_Date.m"; sourceTree = "<group>"; };
		D2C1EB031AA59CF200967762 /* NJKWebViewProgress.h */ = {isa = PBXFileReference; fileEncoding = 4; lastKnownFileType = sourcecode.c.h; path = NJKWebViewProgress.h; sourceTree = "<group>"; };
		D2C1EB041AA59CF200967762 /* NJKWebViewProgress.m */ = {isa = PBXFileReference; fileEncoding = 4; lastKnownFileType = sourcecode.c.objc; path = NJKWebViewProgress.m; sourceTree = "<group>"; };
		D2C1EB051AA59CF200967762 /* NJKWebViewProgressView.h */ = {isa = PBXFileReference; fileEncoding = 4; lastKnownFileType = sourcecode.c.h; path = NJKWebViewProgressView.h; sourceTree = "<group>"; };
		D2C1EB061AA59CF200967762 /* NJKWebViewProgressView.m */ = {isa = PBXFileReference; fileEncoding = 4; lastKnownFileType = sourcecode.c.objc; path = NJKWebViewProgressView.m; sourceTree = "<group>"; };
		D2C1EB091AA59D9400967762 /* E_WebViewControler.h */ = {isa = PBXFileReference; fileEncoding = 4; lastKnownFileType = sourcecode.c.h; path = E_WebViewControler.h; sourceTree = "<group>"; };
		D2C1EB0A1AA59D9400967762 /* E_WebViewControler.m */ = {isa = PBXFileReference; fileEncoding = 4; lastKnownFileType = sourcecode.c.objc; path = E_WebViewControler.m; sourceTree = "<group>"; };
		D2C4FEF71AA0639600DD14CE /* r_ribbonRed@2x.png */ = {isa = PBXFileReference; lastKnownFileType = image.png; path = "r_ribbonRed@2x.png"; sourceTree = "<group>"; };
		D2C4FEFF1AA0674000DD14CE /* menuClose.png */ = {isa = PBXFileReference; lastKnownFileType = image.png; path = menuClose.png; sourceTree = "<group>"; };
		D2C4FF081AA067DA00DD14CE /* CDSideBarController.h */ = {isa = PBXFileReference; fileEncoding = 4; lastKnownFileType = sourcecode.c.h; path = CDSideBarController.h; sourceTree = "<group>"; };
		D2C4FF091AA067DA00DD14CE /* CDSideBarController.m */ = {isa = PBXFileReference; fileEncoding = 4; lastKnownFileType = sourcecode.c.objc; path = CDSideBarController.m; sourceTree = "<group>"; };
		D2C4FF0B1AA06E1100DD14CE /* friend@2x.png */ = {isa = PBXFileReference; lastKnownFileType = image.png; path = "friend@2x.png"; sourceTree = "<group>"; };
		D2C4FF0C1AA06E1100DD14CE /* sina@2x.png */ = {isa = PBXFileReference; lastKnownFileType = image.png; path = "sina@2x.png"; sourceTree = "<group>"; };
		D2C4FF0D1AA06E1100DD14CE /* weixin@2x.png */ = {isa = PBXFileReference; lastKnownFileType = image.png; path = "weixin@2x.png"; sourceTree = "<group>"; };
		D2C4FF111AA06F8400DD14CE /* E_CommentViewController.h */ = {isa = PBXFileReference; fileEncoding = 4; lastKnownFileType = sourcecode.c.h; path = E_CommentViewController.h; sourceTree = "<group>"; };
		D2C4FF121AA06F8400DD14CE /* E_CommentViewController.m */ = {isa = PBXFileReference; fileEncoding = 4; lastKnownFileType = sourcecode.c.objc; path = E_CommentViewController.m; sourceTree = "<group>"; };
/* End PBXFileReference section */

/* Begin PBXFrameworksBuildPhase section */
		D22DE5151A4C14A500E75F4E /* Frameworks */ = {
			isa = PBXFrameworksBuildPhase;
			buildActionMask = 2147483647;
			files = (
			);
			runOnlyForDeploymentPostprocessing = 0;
		};
		D22DE52E1A4C14A500E75F4E /* Frameworks */ = {
			isa = PBXFrameworksBuildPhase;
			buildActionMask = 2147483647;
			files = (
			);
			runOnlyForDeploymentPostprocessing = 0;
		};
/* End PBXFrameworksBuildPhase section */

/* Begin PBXGroup section */
		D22DE50F1A4C14A500E75F4E = {
			isa = PBXGroup;
			children = (
				D22DE51A1A4C14A500E75F4E /* WFReader */,
				D22DE5341A4C14A500E75F4E /* WFReaderTests */,
				D22DE5191A4C14A500E75F4E /* Products */,
			);
			sourceTree = "<group>";
		};
		D22DE5191A4C14A500E75F4E /* Products */ = {
			isa = PBXGroup;
			children = (
				D22DE5181A4C14A500E75F4E /* WFReader.app */,
				D22DE5311A4C14A500E75F4E /* WFReaderTests.xctest */,
			);
			name = Products;
			sourceTree = "<group>";
		};
		D22DE51A1A4C14A500E75F4E /* WFReader */ = {
			isa = PBXGroup;
			children = (
				D22DE51F1A4C14A500E75F4E /* AppDelegate.h */,
				D22DE5201A4C14A500E75F4E /* AppDelegate.m */,
				D22DE5221A4C14A500E75F4E /* ViewController.h */,
				D22DE5231A4C14A500E75F4E /* ViewController.m */,
				D2720FB41A8DD00800D18B23 /* ThirdPart */,
				D22DE5411A4C14C300E75F4E /* EReader */,
				D22DE5251A4C14A500E75F4E /* Main.storyboard */,
				D22DE5281A4C14A500E75F4E /* Images.xcassets */,
				D22DE52A1A4C14A500E75F4E /* LaunchScreen.xib */,
				D22DE51B1A4C14A500E75F4E /* Supporting Files */,
			);
			path = WFReader;
			sourceTree = "<group>";
		};
		D22DE51B1A4C14A500E75F4E /* Supporting Files */ = {
			isa = PBXGroup;
			children = (
				D22DE51C1A4C14A500E75F4E /* Info.plist */,
				D22DE51D1A4C14A500E75F4E /* main.m */,
			);
			name = "Supporting Files";
			sourceTree = "<group>";
		};
		D22DE5341A4C14A500E75F4E /* WFReaderTests */ = {
			isa = PBXGroup;
			children = (
				D22DE5371A4C14A500E75F4E /* WFReaderTests.m */,
				D22DE5351A4C14A500E75F4E /* Supporting Files */,
			);
			path = WFReaderTests;
			sourceTree = "<group>";
		};
		D22DE5351A4C14A500E75F4E /* Supporting Files */ = {
			isa = PBXGroup;
			children = (
				D22DE5361A4C14A500E75F4E /* Info.plist */,
			);
			name = "Supporting Files";
			sourceTree = "<group>";
		};
		D22DE5411A4C14C300E75F4E /* EReader */ = {
			isa = PBXGroup;
			children = (
				D22DE5421A4C14C300E75F4E /* Mode */,
				D22DE54B1A4C14C300E75F4E /* resource */,
				D22DE5531A4C14C300E75F4E /* View */,
				D22DE5561A4C14C300E75F4E /* ViewController */,
			);
			path = EReader;
			sourceTree = "<group>";
		};
		D22DE5421A4C14C300E75F4E /* Mode */ = {
			isa = PBXGroup;
			children = (
				D22DE5431A4C14C300E75F4E /* E_CommonManager.h */,
				D22DE5441A4C14C300E75F4E /* E_CommonManager.m */,
				D22DE5451A4C14C300E75F4E /* E_EveryChapter.h */,
				D22DE5461A4C14C300E75F4E /* E_EveryChapter.m */,
				D22DE5471A4C14C300E75F4E /* E_Paging.h */,
				D22DE5481A4C14C300E75F4E /* E_Paging.mm */,
				D22DE5491A4C14C300E75F4E /* E_ReaderDataSource.h */,
				D22DE54A1A4C14C300E75F4E /* E_ReaderDataSource.m */,
				D206F34C1A4C164300A50C29 /* E_ContantFile.h */,
				D252B4891AA459110060B8C5 /* E_Mark.h */,
				D252B48A1AA459110060B8C5 /* E_Mark.m */,
				D2C1EAFF1AA5572200967762 /* NSDate+NSDate_E_Date.h */,
				D2C1EB001AA5572200967762 /* NSDate+NSDate_E_Date.m */,
			);
			path = Mode;
			sourceTree = "<group>";
		};
		D22DE54B1A4C14C300E75F4E /* resource */ = {
			isa = PBXGroup;
			children = (
				D2BA5EDD1AA1716F008FA43F /* magnifiter@2x.png */,
				D2C4FF0B1AA06E1100DD14CE /* friend@2x.png */,
				D2C4FF0C1AA06E1100DD14CE /* sina@2x.png */,
				D2C4FF0D1AA06E1100DD14CE /* weixin@2x.png */,
				D2C4FEF71AA0639600DD14CE /* r_ribbonRed@2x.png */,
				D2C4FEFF1AA0674000DD14CE /* menuClose.png */,
				D2BBD7C41AA04DD900029980 /* reader_bg_s@2x.png */,
				D2BBD7C51AA04DD900029980 /* reader_bg1@2x.png */,
				D2BBD7C61AA04DD900029980 /* reader_bg2@2x.png */,
				D2BBD7C71AA04DD900029980 /* reader_bg3@2x.png */,
				D2BBD7C81AA04DD900029980 /* reader_bg4@2x.png */,
				D2BBD7C91AA04DD900029980 /* reader_bg5@2x.png */,
				D20DC28E1A5FB6AB000EE995 /* r_drag-dot@2x.png */,
				D2949EF31A90A47000C8870C /* reader_more@2x.png */,
				D2949EEF1A90A3C400C8870C /* reader_cover@2x.png */,
				D2949EF11A90A40D00C8870C /* reader_comments@2x.png */,
				D2949EEB1A90A2DB00C8870C /* reader_font_decrease@2x.png */,
				D2949EEC1A90A2DB00C8870C /* reader_font_increase@2x.png */,
				D22DE54C1A4C14C300E75F4E /* Chapter1.txt */,
				D22DE54D1A4C14C300E75F4E /* Chapter2.txt */,
				D22DE54E1A4C14C300E75F4E /* Chapter3.txt */,
				D22DE54F1A4C14C300E75F4E /* Chapter4.txt */,
				D22DE5501A4C14C300E75F4E /* Chapter5.txt */,
				D22DE5511A4C14C300E75F4E /* Chapter6.txt */,
				D22DE5521A4C14C300E75F4E /* Chapter7.txt */,
			);
			path = resource;
			sourceTree = "<group>";
		};
		D22DE5531A4C14C300E75F4E /* View */ = {
			isa = PBXGroup;
			children = (
				D2949EE21A909A0600C8870C /* ILSlider.h */,
				D2949EE31A909A0600C8870C /* ILSlider.m */,
				D2A887CF1AA6A02C0063BBC5 /* E_HUDView.h */,
				D2A887D01AA6A02C0063BBC5 /* E_HUDView.m */,
				D2949ED41A9031A500C8870C /* E_DrawerView.h */,
				D2949ED51A9031A500C8870C /* E_DrawerView.m */,
				D22DE5541A4C14C300E75F4E /* E_ReaderView.h */,
				D22DE5551A4C14C300E75F4E /* E_ReaderView.m */,
				D27768ED1A79F2F200607241 /* E_CursorView.h */,
				D27768EE1A79F2F200607241 /* E_CursorView.m */,
				D27768F01A7A05D800607241 /* E_MagnifiterView.h */,
				D27768F11A7A05D800607241 /* E_MagnifiterView.m */,
				D2720FBD1A8DDC8300D18B23 /* E_SettingTopBar.h */,
				D2720FBE1A8DDC8300D18B23 /* E_SettingTopBar.m */,
				D2720FC01A8DE13400D18B23 /* E_SettingBottomBar.h */,
				D2720FC11A8DE13400D18B23 /* E_SettingBottomBar.m */,
				D2949EDF1A90446800C8870C /* E_ListView.h */,
				D2949EE01A90446800C8870C /* E_ListView.m */,
				D2BA5EDF1AA19AFB008FA43F /* E_SearchTableViewCell.h */,
				D2BA5EE01AA19AFB008FA43F /* E_SearchTableViewCell.m */,
				D252B48C1AA46C4E0060B8C5 /* E_MarkTableViewCell.h */,
				D252B48D1AA46C4E0060B8C5 /* E_MarkTableViewCell.m */,
			);
			path = View;
			sourceTree = "<group>";
		};
		D22DE5561A4C14C300E75F4E /* ViewController */ = {
			isa = PBXGroup;
			children = (
				D22DE5571A4C14C300E75F4E /* E_ReaderViewController.h */,
				D22DE5581A4C14C300E75F4E /* E_ReaderViewController.m */,
				D22DE5591A4C14C300E75F4E /* E_ScrollViewController.h */,
				D22DE55A1A4C14C300E75F4E /* E_ScrollViewController.m */,
				D2BA5EDA1AA16D44008FA43F /* E_SearchViewController.h */,
				D2BA5EDB1AA16D44008FA43F /* E_SearchViewController.m */,
				D2C4FF111AA06F8400DD14CE /* E_CommentViewController.h */,
				D2C4FF121AA06F8400DD14CE /* E_CommentViewController.m */,
				D2C1EB091AA59D9400967762 /* E_WebViewControler.h */,
				D2C1EB0A1AA59D9400967762 /* E_WebViewControler.m */,
			);
			path = ViewController;
			sourceTree = "<group>";
		};
		D2720FB41A8DD00800D18B23 /* ThirdPart */ = {
			isa = PBXGroup;
			children = (
				D2C1EB021AA59CF200967762 /* NJKWebViewProgress */,
				D2BA5EE21AA1A6B7008FA43F /* MJRefresh */,
				D2C4FF081AA067DA00DD14CE /* CDSideBarController.h */,
				D2C4FF091AA067DA00DD14CE /* CDSideBarController.m */,
				D2949ED91A90351A00C8870C /* UIImage+ImageEffects.h */,
				D2949EDA1A90351A00C8870C /* UIImage+ImageEffects.m */,
			);
			path = ThirdPart;
			sourceTree = "<group>";
		};
		D2BA5EE21AA1A6B7008FA43F /* MJRefresh */ = {
			isa = PBXGroup;
			children = (
				D2BA5EE31AA1A6B7008FA43F /* MJRefresh.bundle */,
				D2BA5EE41AA1A6B7008FA43F /* MJRefresh.h */,
				D2BA5EE51AA1A6B7008FA43F /* MJRefreshBaseView.h */,
				D2BA5EE61AA1A6B7008FA43F /* MJRefreshBaseView.m */,
				D2BA5EE71AA1A6B7008FA43F /* MJRefreshConst.h */,
				D2BA5EE81AA1A6B7008FA43F /* MJRefreshConst.m */,
				D2BA5EE91AA1A6B7008FA43F /* MJRefreshFooterView.h */,
				D2BA5EEA1AA1A6B7008FA43F /* MJRefreshFooterView.m */,
				D2BA5EEB1AA1A6B7008FA43F /* MJRefreshHeaderView.h */,
				D2BA5EEC1AA1A6B7008FA43F /* MJRefreshHeaderView.m */,
				D2BA5EED1AA1A6B7008FA43F /* UIScrollView+Extension.h */,
				D2BA5EEE1AA1A6B7008FA43F /* UIScrollView+Extension.m */,
				D2BA5EEF1AA1A6B7008FA43F /* UIScrollView+MJRefresh.h */,
				D2BA5EF01AA1A6B7008FA43F /* UIScrollView+MJRefresh.m */,
				D2BA5EF11AA1A6B7008FA43F /* UIView+Extension.h */,
				D2BA5EF21AA1A6B7008FA43F /* UIView+Extension.m */,
			);
			path = MJRefresh;
			sourceTree = "<group>";
		};
		D2C1EB021AA59CF200967762 /* NJKWebViewProgress */ = {
			isa = PBXGroup;
			children = (
				D2C1EB031AA59CF200967762 /* NJKWebViewProgress.h */,
				D2C1EB041AA59CF200967762 /* NJKWebViewProgress.m */,
				D2C1EB051AA59CF200967762 /* NJKWebViewProgressView.h */,
				D2C1EB061AA59CF200967762 /* NJKWebViewProgressView.m */,
			);
			path = NJKWebViewProgress;
			sourceTree = "<group>";
		};
/* End PBXGroup section */

/* Begin PBXNativeTarget section */
		D22DE5171A4C14A500E75F4E /* WFReader */ = {
			isa = PBXNativeTarget;
			buildConfigurationList = D22DE53B1A4C14A500E75F4E /* Build configuration list for PBXNativeTarget "WFReader" */;
			buildPhases = (
				D22DE5141A4C14A500E75F4E /* Sources */,
				D22DE5151A4C14A500E75F4E /* Frameworks */,
				D22DE5161A4C14A500E75F4E /* Resources */,
			);
			buildRules = (
			);
			dependencies = (
			);
			name = WFReader;
			productName = WFReader;
			productReference = D22DE5181A4C14A500E75F4E /* WFReader.app */;
			productType = "com.apple.product-type.application";
		};
		D22DE5301A4C14A500E75F4E /* WFReaderTests */ = {
			isa = PBXNativeTarget;
			buildConfigurationList = D22DE53E1A4C14A500E75F4E /* Build configuration list for PBXNativeTarget "WFReaderTests" */;
			buildPhases = (
				D22DE52D1A4C14A500E75F4E /* Sources */,
				D22DE52E1A4C14A500E75F4E /* Frameworks */,
				D22DE52F1A4C14A500E75F4E /* Resources */,
			);
			buildRules = (
			);
			dependencies = (
				D22DE5331A4C14A500E75F4E /* PBXTargetDependency */,
			);
			name = WFReaderTests;
			productName = WFReaderTests;
			productReference = D22DE5311A4C14A500E75F4E /* WFReaderTests.xctest */;
			productType = "com.apple.product-type.bundle.unit-test";
		};
/* End PBXNativeTarget section */

/* Begin PBXProject section */
		D22DE5101A4C14A500E75F4E /* Project object */ = {
			isa = PBXProject;
			attributes = {
				LastUpgradeCheck = 0610;
				ORGANIZATIONNAME = tigerwf;
				TargetAttributes = {
					D22DE5171A4C14A500E75F4E = {
						CreatedOnToolsVersion = 6.1;
					};
					D22DE5301A4C14A500E75F4E = {
						CreatedOnToolsVersion = 6.1;
						TestTargetID = D22DE5171A4C14A500E75F4E;
					};
				};
			};
			buildConfigurationList = D22DE5131A4C14A500E75F4E /* Build configuration list for PBXProject "WFReader" */;
			compatibilityVersion = "Xcode 3.2";
			developmentRegion = English;
			hasScannedForEncodings = 0;
			knownRegions = (
				en,
				Base,
			);
			mainGroup = D22DE50F1A4C14A500E75F4E;
			productRefGroup = D22DE5191A4C14A500E75F4E /* Products */;
			projectDirPath = "";
			projectRoot = "";
			targets = (
				D22DE5171A4C14A500E75F4E /* WFReader */,
				D22DE5301A4C14A500E75F4E /* WFReaderTests */,
			);
		};
/* End PBXProject section */

/* Begin PBXResourcesBuildPhase section */
		D22DE5161A4C14A500E75F4E /* Resources */ = {
			isa = PBXResourcesBuildPhase;
			buildActionMask = 2147483647;
			files = (
				D22DE5271A4C14A500E75F4E /* Main.storyboard in Resources */,
				D2949EF01A90A3C400C8870C /* reader_cover@2x.png in Resources */,
				D2BBD7CF1AA04DD900029980 /* reader_bg5@2x.png in Resources */,
				D22DE52C1A4C14A500E75F4E /* LaunchScreen.xib in Resources */,
				D2949EED1A90A2DB00C8870C /* reader_font_decrease@2x.png in Resources */,
				D2C4FF101AA06E1100DD14CE /* weixin@2x.png in Resources */,
				D2BBD7CD1AA04DD900029980 /* reader_bg3@2x.png in Resources */,
				D2949EF41A90A47000C8870C /* reader_more@2x.png in Resources */,
				D22DE5651A4C14C300E75F4E /* Chapter7.txt in Resources */,
				D2BBD7CB1AA04DD900029980 /* reader_bg1@2x.png in Resources */,
				D22DE5641A4C14C300E75F4E /* Chapter6.txt in Resources */,
				D2BBD7CE1AA04DD900029980 /* reader_bg4@2x.png in Resources */,
				D22DE5611A4C14C300E75F4E /* Chapter3.txt in Resources */,
				D2949EF21A90A40D00C8870C /* reader_comments@2x.png in Resources */,
				D2BBD7CC1AA04DD900029980 /* reader_bg2@2x.png in Resources */,
				D2C4FEFA1AA0639600DD14CE /* r_ribbonRed@2x.png in Resources */,
				D2C4FF0E1AA06E1100DD14CE /* friend@2x.png in Resources */,
				D2949EEE1A90A2DB00C8870C /* reader_font_increase@2x.png in Resources */,
				D22DE5601A4C14C300E75F4E /* Chapter2.txt in Resources */,
				D2C4FF041AA0674000DD14CE /* menuClose.png in Resources */,
				D20DC28F1A5FB6AB000EE995 /* r_drag-dot@2x.png in Resources */,
				D22DE55F1A4C14C300E75F4E /* Chapter1.txt in Resources */,
				D22DE5621A4C14C300E75F4E /* Chapter4.txt in Resources */,
				D2BA5EF31AA1A6B7008FA43F /* MJRefresh.bundle in Resources */,
				D22DE5631A4C14C300E75F4E /* Chapter5.txt in Resources */,
				D2BA5EDE1AA1716F008FA43F /* magnifiter@2x.png in Resources */,
				D22DE5291A4C14A500E75F4E /* Images.xcassets in Resources */,
				D2BBD7CA1AA04DD900029980 /* reader_bg_s@2x.png in Resources */,
				D2C4FF0F1AA06E1100DD14CE /* sina@2x.png in Resources */,
			);
			runOnlyForDeploymentPostprocessing = 0;
		};
		D22DE52F1A4C14A500E75F4E /* Resources */ = {
			isa = PBXResourcesBuildPhase;
			buildActionMask = 2147483647;
			files = (
			);
			runOnlyForDeploymentPostprocessing = 0;
		};
/* End PBXResourcesBuildPhase section */

/* Begin PBXSourcesBuildPhase section */
		D22DE5141A4C14A500E75F4E /* Sources */ = {
			isa = PBXSourcesBuildPhase;
			buildActionMask = 2147483647;
			files = (
				D2BA5EF51AA1A6B7008FA43F /* MJRefreshConst.m in Sources */,
				D2C4FF0A1AA067DA00DD14CE /* CDSideBarController.m in Sources */,
				D2BA5EF71AA1A6B7008FA43F /* MJRefreshHeaderView.m in Sources */,
				D2949EE41A909A0600C8870C /* ILSlider.m in Sources */,
				D2C1EB071AA59CF200967762 /* NJKWebViewProgress.m in Sources */,
				D2BA5EDC1AA16D44008FA43F /* E_SearchViewController.m in Sources */,
				D27768EF1A79F2F200607241 /* E_CursorView.m in Sources */,
				D252B48B1AA459110060B8C5 /* E_Mark.m in Sources */,
				D2949EDB1A90351A00C8870C /* UIImage+ImageEffects.m in Sources */,
				D252B48E1AA46C4E0060B8C5 /* E_MarkTableViewCell.m in Sources */,
				D2BA5EF91AA1A6B7008FA43F /* UIScrollView+MJRefresh.m in Sources */,
				D22DE55B1A4C14C300E75F4E /* E_CommonManager.m in Sources */,
				D22DE5671A4C14C300E75F4E /* E_ReaderViewController.m in Sources */,
				D22DE55D1A4C14C300E75F4E /* E_Paging.mm in Sources */,
				D2A887D11AA6A02C0063BBC5 /* E_HUDView.m in Sources */,
				D22DE5241A4C14A500E75F4E /* ViewController.m in Sources */,
				D2C1EB081AA59CF200967762 /* NJKWebViewProgressView.m in Sources */,
				D22DE5661A4C14C300E75F4E /* E_ReaderView.m in Sources */,
				D2BA5EF81AA1A6B7008FA43F /* UIScrollView+Extension.m in Sources */,
				D2BA5EF61AA1A6B7008FA43F /* MJRefreshFooterView.m in Sources */,
				D2949ED61A9031A500C8870C /* E_DrawerView.m in Sources */,
				D22DE55C1A4C14C300E75F4E /* E_EveryChapter.m in Sources */,
				D2BA5EFA1AA1A6B7008FA43F /* UIView+Extension.m in Sources */,
				D2C1EB0B1AA59D9400967762 /* E_WebViewControler.m in Sources */,
				D22DE55E1A4C14C300E75F4E /* E_ReaderDataSource.m in Sources */,
				D2BA5EE11AA19AFB008FA43F /* E_SearchTableViewCell.m in Sources */,
				D22DE5681A4C14C300E75F4E /* E_ScrollViewController.m in Sources */,
				D2720FC21A8DE13400D18B23 /* E_SettingBottomBar.m in Sources */,
				D2949EE11A90446800C8870C /* E_ListView.m in Sources */,
				D2720FBF1A8DDC8300D18B23 /* E_SettingTopBar.m in Sources */,
				D2C4FF131AA06F8400DD14CE /* E_CommentViewController.m in Sources */,
				D2C1EB011AA5572200967762 /* NSDate+NSDate_E_Date.m in Sources */,
				D22DE5211A4C14A500E75F4E /* AppDelegate.m in Sources */,
				D27768F21A7A05D800607241 /* E_MagnifiterView.m in Sources */,
				D2BA5EF41AA1A6B7008FA43F /* MJRefreshBaseView.m in Sources */,
				D22DE51E1A4C14A500E75F4E /* main.m in Sources */,
			);
			runOnlyForDeploymentPostprocessing = 0;
		};
		D22DE52D1A4C14A500E75F4E /* Sources */ = {
			isa = PBXSourcesBuildPhase;
			buildActionMask = 2147483647;
			files = (
				D22DE5381A4C14A500E75F4E /* WFReaderTests.m in Sources */,
			);
			runOnlyForDeploymentPostprocessing = 0;
		};
/* End PBXSourcesBuildPhase section */

/* Begin PBXTargetDependency section */
		D22DE5331A4C14A500E75F4E /* PBXTargetDependency */ = {
			isa = PBXTargetDependency;
			target = D22DE5171A4C14A500E75F4E /* WFReader */;
			targetProxy = D22DE5321A4C14A500E75F4E /* PBXContainerItemProxy */;
		};
/* End PBXTargetDependency section */

/* Begin PBXVariantGroup section */
		D22DE5251A4C14A500E75F4E /* Main.storyboard */ = {
			isa = PBXVariantGroup;
			children = (
				D22DE5261A4C14A500E75F4E /* Base */,
			);
			name = Main.storyboard;
			sourceTree = "<group>";
		};
		D22DE52A1A4C14A500E75F4E /* LaunchScreen.xib */ = {
			isa = PBXVariantGroup;
			children = (
				D22DE52B1A4C14A500E75F4E /* Base */,
			);
			name = LaunchScreen.xib;
			sourceTree = "<group>";
		};
/* End PBXVariantGroup section */

/* Begin XCBuildConfiguration section */
		D22DE5391A4C14A500E75F4E /* Debug */ = {
			isa = XCBuildConfiguration;
			buildSettings = {
				ALWAYS_SEARCH_USER_PATHS = NO;
				CLANG_CXX_LANGUAGE_STANDARD = "gnu++0x";
				CLANG_CXX_LIBRARY = "libc++";
				CLANG_ENABLE_MODULES = YES;
				CLANG_ENABLE_OBJC_ARC = YES;
				CLANG_WARN_BOOL_CONVERSION = YES;
				CLANG_WARN_CONSTANT_CONVERSION = YES;
				CLANG_WARN_DIRECT_OBJC_ISA_USAGE = YES_ERROR;
				CLANG_WARN_EMPTY_BODY = YES;
				CLANG_WARN_ENUM_CONVERSION = YES;
				CLANG_WARN_INT_CONVERSION = YES;
				CLANG_WARN_OBJC_ROOT_CLASS = YES_ERROR;
				CLANG_WARN_UNREACHABLE_CODE = YES;
				CLANG_WARN__DUPLICATE_METHOD_MATCH = YES;
				"CODE_SIGN_IDENTITY[sdk=iphoneos*]" = "iPhone Developer";
				COPY_PHASE_STRIP = NO;
				ENABLE_STRICT_OBJC_MSGSEND = YES;
				GCC_C_LANGUAGE_STANDARD = gnu99;
				GCC_DYNAMIC_NO_PIC = NO;
				GCC_OPTIMIZATION_LEVEL = 0;
				GCC_PREPROCESSOR_DEFINITIONS = (
					"DEBUG=1",
					"$(inherited)",
				);
				GCC_SYMBOLS_PRIVATE_EXTERN = NO;
				GCC_WARN_64_TO_32_BIT_CONVERSION = YES;
				GCC_WARN_ABOUT_RETURN_TYPE = YES_ERROR;
				GCC_WARN_UNDECLARED_SELECTOR = YES;
				GCC_WARN_UNINITIALIZED_AUTOS = YES_AGGRESSIVE;
				GCC_WARN_UNUSED_FUNCTION = YES;
				GCC_WARN_UNUSED_VARIABLE = YES;
				IPHONEOS_DEPLOYMENT_TARGET = 8.1;
				MTL_ENABLE_DEBUG_INFO = YES;
				ONLY_ACTIVE_ARCH = YES;
				SDKROOT = iphoneos;
			};
			name = Debug;
		};
		D22DE53A1A4C14A500E75F4E /* Release */ = {
			isa = XCBuildConfiguration;
			buildSettings = {
				ALWAYS_SEARCH_USER_PATHS = NO;
				CLANG_CXX_LANGUAGE_STANDARD = "gnu++0x";
				CLANG_CXX_LIBRARY = "libc++";
				CLANG_ENABLE_MODULES = YES;
				CLANG_ENABLE_OBJC_ARC = YES;
				CLANG_WARN_BOOL_CONVERSION = YES;
				CLANG_WARN_CONSTANT_CONVERSION = YES;
				CLANG_WARN_DIRECT_OBJC_ISA_USAGE = YES_ERROR;
				CLANG_WARN_EMPTY_BODY = YES;
				CLANG_WARN_ENUM_CONVERSION = YES;
				CLANG_WARN_INT_CONVERSION = YES;
				CLANG_WARN_OBJC_ROOT_CLASS = YES_ERROR;
				CLANG_WARN_UNREACHABLE_CODE = YES;
				CLANG_WARN__DUPLICATE_METHOD_MATCH = YES;
				"CODE_SIGN_IDENTITY[sdk=iphoneos*]" = "iPhone Developer";
				COPY_PHASE_STRIP = YES;
				ENABLE_NS_ASSERTIONS = NO;
				ENABLE_STRICT_OBJC_MSGSEND = YES;
				GCC_C_LANGUAGE_STANDARD = gnu99;
				GCC_WARN_64_TO_32_BIT_CONVERSION = YES;
				GCC_WARN_ABOUT_RETURN_TYPE = YES_ERROR;
				GCC_WARN_UNDECLARED_SELECTOR = YES;
				GCC_WARN_UNINITIALIZED_AUTOS = YES_AGGRESSIVE;
				GCC_WARN_UNUSED_FUNCTION = YES;
				GCC_WARN_UNUSED_VARIABLE = YES;
				IPHONEOS_DEPLOYMENT_TARGET = 8.1;
				MTL_ENABLE_DEBUG_INFO = NO;
				SDKROOT = iphoneos;
				VALIDATE_PRODUCT = YES;
			};
			name = Release;
		};
		D22DE53C1A4C14A500E75F4E /* Debug */ = {
			isa = XCBuildConfiguration;
			buildSettings = {
				ASSETCATALOG_COMPILER_APPICON_NAME = AppIcon;
				INFOPLIST_FILE = WFReader/Info.plist;
				IPHONEOS_DEPLOYMENT_TARGET = 6.1;
				LD_RUNPATH_SEARCH_PATHS = "$(inherited) @executable_path/Frameworks";
				PRODUCT_NAME = "$(TARGET_NAME)";
			};
			name = Debug;
		};
		D22DE53D1A4C14A500E75F4E /* Release */ = {
			isa = XCBuildConfiguration;
			buildSettings = {
				ASSETCATALOG_COMPILER_APPICON_NAME = AppIcon;
				INFOPLIST_FILE = WFReader/Info.plist;
				IPHONEOS_DEPLOYMENT_TARGET = 6.1;
				LD_RUNPATH_SEARCH_PATHS = "$(inherited) @executable_path/Frameworks";
				PRODUCT_NAME = "$(TARGET_NAME)";
			};
			name = Release;
		};
		D22DE53F1A4C14A500E75F4E /* Debug */ = {
			isa = XCBuildConfiguration;
			buildSettings = {
				BUNDLE_LOADER = "$(TEST_HOST)";
				FRAMEWORK_SEARCH_PATHS = (
					"$(SDKROOT)/Developer/Library/Frameworks",
					"$(inherited)",
				);
				GCC_PREPROCESSOR_DEFINITIONS = (
					"DEBUG=1",
					"$(inherited)",
				);
				INFOPLIST_FILE = WFReaderTests/Info.plist;
				LD_RUNPATH_SEARCH_PATHS = "$(inherited) @executable_path/Frameworks @loader_path/Frameworks";
				PRODUCT_NAME = "$(TARGET_NAME)";
				TEST_HOST = "$(BUILT_PRODUCTS_DIR)/WFReader.app/WFReader";
			};
			name = Debug;
		};
		D22DE5401A4C14A500E75F4E /* Release */ = {
			isa = XCBuildConfiguration;
			buildSettings = {
				BUNDLE_LOADER = "$(TEST_HOST)";
				FRAMEWORK_SEARCH_PATHS = (
					"$(SDKROOT)/Developer/Library/Frameworks",
					"$(inherited)",
				);
				INFOPLIST_FILE = WFReaderTests/Info.plist;
				LD_RUNPATH_SEARCH_PATHS = "$(inherited) @executable_path/Frameworks @loader_path/Frameworks";
				PRODUCT_NAME = "$(TARGET_NAME)";
				TEST_HOST = "$(BUILT_PRODUCTS_DIR)/WFReader.app/WFReader";
			};
			name = Release;
		};
/* End XCBuildConfiguration section */

/* Begin XCConfigurationList section */
		D22DE5131A4C14A500E75F4E /* Build configuration list for PBXProject "WFReader" */ = {
			isa = XCConfigurationList;
			buildConfigurations = (
				D22DE5391A4C14A500E75F4E /* Debug */,
				D22DE53A1A4C14A500E75F4E /* Release */,
			);
			defaultConfigurationIsVisible = 0;
			defaultConfigurationName = Release;
		};
		D22DE53B1A4C14A500E75F4E /* Build configuration list for PBXNativeTarget "WFReader" */ = {
			isa = XCConfigurationList;
			buildConfigurations = (
				D22DE53C1A4C14A500E75F4E /* Debug */,
				D22DE53D1A4C14A500E75F4E /* Release */,
			);
			defaultConfigurationIsVisible = 0;
			defaultConfigurationName = Release;
		};
		D22DE53E1A4C14A500E75F4E /* Build configuration list for PBXNativeTarget "WFReaderTests" */ = {
			isa = XCConfigurationList;
			buildConfigurations = (
				D22DE53F1A4C14A500E75F4E /* Debug */,
				D22DE5401A4C14A500E75F4E /* Release */,
			);
			defaultConfigurationIsVisible = 0;
			defaultConfigurationName = Release;
		};
/* End XCConfigurationList section */
	};
	rootObject = D22DE5101A4C14A500E75F4E /* Project object */;
}
