// !$*UTF8*$!
{
	archiveVersion = 1;
	classes = {
	};
	objectVersion = 46;
	objects = {

/* Begin PBXBuildFile section */
		D20DC28F1A5FB6AB000EE995 /* r_drag-dot@2x.png in Resources */ = {isa = PBXBuildFile; fileRef = D20DC28E1A5FB6AB000EE995 /* r_drag-dot@2x.png */; };
		D22DE51E1A4C14A500E75F4E /* main.m in Sources */ = {isa = PBXBuildFile; fileRef = D22DE51D1A4C14A500E75F4E /* main.m */; };
		D22DE5211A4C14A500E75F4E /* AppDelegate.m in Sources */ = {isa = PBXBuildFile; fileRef = D22DE5201A4C14A500E75F4E /* AppDelegate.m */; };
		D22DE5241A4C14A500E75F4E /* ViewController.m in Sources */ = {isa = PBXBuildFile; fileRef = D22DE5231A4C14A500E75F4E /* ViewController.m */; };
		D22DE5271A4C14A500E75F4E /* Main.storyboard in Resources */ = {isa = PBXBuildFile; fileRef = D22DE5251A4C14A500E75F4E /* Main.storyboard */; };
		D22DE5291A4C14A500E75F4E /* Images.xcassets in Resources */ = {isa = PBXBuildFile; fileRef = D22DE5281A4C14A500E75F4E /* Images.xcassets */; };
		D22DE52C1A4C14A500E75F4E /* LaunchScreen.xib in Resources */ = {isa = PBXBuildFile; fileRef = D22DE52A1A4C14A500E75F4E /* LaunchScreen.xib */; };
		D22DE5381A4C14A500E75F4E /* WFReaderTests.m in Sources */ = {isa = PBXBuildFile; fileRef = D22DE5371A4C14A500E75F4E /* WFReaderTests.m */; };
		D22DE55B1A4C14C300E75F4E /* E_CommonManager.m in Sources */ = {isa = PBXBuildFile; fileRef = D22DE5441A4C14C300E75F4E /* E_CommonManager.m */; };
		D22DE55C1A4C14C300E75F4E /* E_EveryChapter.m in Sources */ = {isa = PBXBuildFile; fileRef = D22DE5461A4C14C300E75F4E /* E_EveryChapter.m */; };
		D22DE55D1A4C14C300E75F4E /* E_Paging.mm in Sources */ = {isa = PBXBuildFile; fileRef = D22DE5481A4C14C300E75F4E /* E_Paging.mm */; };
		D22DE55E1A4C14C300E75F4E /* E_ReaderDataSource.m in Sources */ = {isa = PBXBuildFile; fileRef = D22DE54A1A4C14C300E75F4E /* E_ReaderDataSource.m */; };
		D22DE55F1A4C14C300E75F4E /* Chapter1.txt in Resources */ = {isa = PBXBuildFile; fileRef = D22DE54C1A4C14C300E75F4E /* Chapter1.txt */; };
		D22DE5601A4C14C300E75F4E /* Chapter2.txt in Resources */ = {isa = PBXBuildFile; fileRef = D22DE54D1A4C14C300E75F4E /* Chapter2.txt */; };
		D22DE5611A4C14C300E75F4E /* Chapter3.txt in Resources */ = {isa = PBXBuildFile; fileRef = D22DE54E1A4C14C300E75F4E /* Chapter3.txt */; };
		D22DE5621A4C14C300E75F4E /* Chapter4.txt in Resources */ = {isa = PBXBuildFile; fileRef = D22DE54F1A4C14C300E75F4E /* Chapter4.txt */; };
		D22DE5631A4C14C300E75F4E /* Chapter5.txt in Resources */ = {isa = PBXBuildFile; fileRef = D22DE5501A4C14C300E75F4E /* Chapter5.txt */; };
		D22DE5641A4C14C300E75F4E /* Chapter6.txt in Resources */ = {isa = PBXBuildFile; fileRef = D22DE5511A4C14C300E75F4E /* Chapter6.txt */; };
		D22DE5651A4C14C300E75F4E /* Chapter7.txt in Resources */ = {isa = PBXBuildFile; fileRef = D22DE5521A4C14C300E75F4E /* Chapter7.txt */; };
		D22DE5661A4C14C300E75F4E /* E_ReaderView.m in Sources */ = {isa = PBXBuildFile; fileRef = D22DE5551A4C14C300E75F4E /* E_ReaderView.m */; };
		D22DE5671A4C14C300E75F4E /* E_ReaderViewController.m in Sources */ = {isa = PBXBuildFile; fileRef = D22DE5581A4C14C300E75F4E /* E_ReaderViewController.m */; };
		D22DE5681A4C14C300E75F4E /* E_ScrollViewController.m in Sources */ = {isa = PBXBuildFile; fileRef = D22DE55A1A4C14C300E75F4E /* E_ScrollViewController.m */; };
		D27768EF1A79F2F200607241 /* E_CursorView.m in Sources */ = {isa = PBXBuildFile; fileRef = D27768EE1A79F2F200607241 /* E_CursorView.m */; };
		D27768F21A7A05D800607241 /* E_MagnifiterView.m in Sources */ = {isa = PBXBuildFile; fileRef = D27768F11A7A05D800607241 /* E_MagnifiterView.m */; };
/* End PBXBuildFile section */

/* Begin PBXContainerItemProxy section */
		D22DE5321A4C14A500E75F4E /* PBXContainerItemProxy */ = {
			isa = PBXContainerItemProxy;
			containerPortal = D22DE5101A4C14A500E75F4E /* Project object */;
			proxyType = 1;
			remoteGlobalIDString = D22DE5171A4C14A500E75F4E;
			remoteInfo = WFReader;
		};
/* End PBXContainerItemProxy section */

/* Begin PBXFileReference section */
		D206F34C1A4C164300A50C29 /* E_ContantFile.h */ = {isa = PBXFileReference; lastKnownFileType = sourcecode.c.h; path = E_ContantFile.h; sourceTree = "<group>"; };
		D20DC28E1A5FB6AB000EE995 /* r_drag-dot@2x.png */ = {isa = PBXFileReference; lastKnownFileType = image.png; path = "r_drag-dot@2x.png"; sourceTree = "<group>"; };
		D22DE5181A4C14A500E75F4E /* WFReader.app */ = {isa = PBXFileReference; explicitFileType = wrapper.application; includeInIndex = 0; path = WFReader.app; sourceTree = BUILT_PRODUCTS_DIR; };
		D22DE51C1A4C14A500E75F4E /* Info.plist */ = {isa = PBXFileReference; lastKnownFileType = text.plist.xml; path = Info.plist; sourceTree = "<group>"; };
		D22DE51D1A4C14A500E75F4E /* main.m */ = {isa = PBXFileReference; lastKnownFileType = sourcecode.c.objc; path = main.m; sourceTree = "<group>"; };
		D22DE51F1A4C14A500E75F4E /* AppDelegate.h */ = {isa = PBXFileReference; lastKnownFileType = sourcecode.c.h; path = AppDelegate.h; sourceTree = "<group>"; };
		D22DE5201A4C14A500E75F4E /* AppDelegate.m */ = {isa = PBXFileReference; lastKnownFileType = sourcecode.c.objc; path = AppDelegate.m; sourceTree = "<group>"; };
		D22DE5221A4C14A500E75F4E /* ViewController.h */ = {isa = PBXFileReference; lastKnownFileType = sourcecode.c.h; path = ViewController.h; sourceTree = "<group>"; };
		D22DE5231A4C14A500E75F4E /* ViewController.m */ = {isa = PBXFileReference; lastKnownFileType = sourcecode.c.objc; path = ViewController.m; sourceTree = "<group>"; };
		D22DE5261A4C14A500E75F4E /* Base */ = {isa = PBXFileReference; lastKnownFileType = file.storyboard; name = Base; path = Base.lproj/Main.storyboard; sourceTree = "<group>"; };
		D22DE5281A4C14A500E75F4E /* Images.xcassets */ = {isa = PBXFileReference; lastKnownFileType = folder.assetcatalog; path = Images.xcassets; sourceTree = "<group>"; };
		D22DE52B1A4C14A500E75F4E /* Base */ = {isa = PBXFileReference; lastKnownFileType = file.xib; name = Base; path = Base.lproj/LaunchScreen.xib; sourceTree = "<group>"; };
		D22DE5311A4C14A500E75F4E /* WFReaderTests.xctest */ = {isa = PBXFileReference; explicitFileType = wrapper.cfbundle; includeInIndex = 0; path = WFReaderTests.xctest; sourceTree = BUILT_PRODUCTS_DIR; };
		D22DE5361A4C14A500E75F4E /* Info.plist */ = {isa = PBXFileReference; lastKnownFileType = text.plist.xml; path = Info.plist; sourceTree = "<group>"; };
		D22DE5371A4C14A500E75F4E /* WFReaderTests.m */ = {isa = PBXFileReference; lastKnownFileType = sourcecode.c.objc; path = WFReaderTests.m; sourceTree = "<group>"; };
		D22DE5431A4C14C300E75F4E /* E_CommonManager.h */ = {isa = PBXFileReference; fileEncoding = 4; lastKnownFileType = sourcecode.c.h; path = E_CommonManager.h; sourceTree = "<group>"; };
		D22DE5441A4C14C300E75F4E /* E_CommonManager.m */ = {isa = PBXFileReference; fileEncoding = 4; lastKnownFileType = sourcecode.c.objc; path = E_CommonManager.m; sourceTree = "<group>"; };
		D22DE5451A4C14C300E75F4E /* E_EveryChapter.h */ = {isa = PBXFileReference; fileEncoding = 4; lastKnownFileType = sourcecode.c.h; path = E_EveryChapter.h; sourceTree = "<group>"; };
		D22DE5461A4C14C300E75F4E /* E_EveryChapter.m */ = {isa = PBXFileReference; fileEncoding = 4; lastKnownFileType = sourcecode.c.objc; path = E_EveryChapter.m; sourceTree = "<group>"; };
		D22DE5471A4C14C300E75F4E /* E_Paging.h */ = {isa = PBXFileReference; fileEncoding = 4; lastKnownFileType = sourcecode.c.h; path = E_Paging.h; sourceTree = "<group>"; };
		D22DE5481A4C14C300E75F4E /* E_Paging.mm */ = {isa = PBXFileReference; fileEncoding = 4; lastKnownFileType = sourcecode.cpp.objcpp; path = E_Paging.mm; sourceTree = "<group>"; };
		D22DE5491A4C14C300E75F4E /* E_ReaderDataSource.h */ = {isa = PBXFileReference; fileEncoding = 4; lastKnownFileType = sourcecode.c.h; path = E_ReaderDataSource.h; sourceTree = "<group>"; };
		D22DE54A1A4C14C300E75F4E /* E_ReaderDataSource.m */ = {isa = PBXFileReference; fileEncoding = 4; lastKnownFileType = sourcecode.c.objc; path = E_ReaderDataSource.m; sourceTree = "<group>"; };
		D22DE54C1A4C14C300E75F4E /* Chapter1.txt */ = {isa = PBXFileReference; fileEncoding = 4; lastKnownFileType = text; path = Chapter1.txt; sourceTree = "<group>"; };
		D22DE54D1A4C14C300E75F4E /* Chapter2.txt */ = {isa = PBXFileReference; fileEncoding = 4; lastKnownFileType = text; path = Chapter2.txt; sourceTree = "<group>"; };
		D22DE54E1A4C14C300E75F4E /* Chapter3.txt */ = {isa = PBXFileReference; fileEncoding = 4; lastKnownFileType = text; path = Chapter3.txt; sourceTree = "<group>"; };
		D22DE54F1A4C14C300E75F4E /* Chapter4.txt */ = {isa = PBXFileReference; fileEncoding = 4; lastKnownFileType = text; path = Chapter4.txt; sourceTree = "<group>"; };
		D22DE5501A4C14C300E75F4E /* Chapter5.txt */ = {isa = PBXFileReference; fileEncoding = 4; lastKnownFileType = text; path = Chapter5.txt; sourceTree = "<group>"; };
		D22DE5511A4C14C300E75F4E /* Chapter6.txt */ = {isa = PBXFileReference; fileEncoding = 4; lastKnownFileType = text; path = Chapter6.txt; sourceTree = "<group>"; };
		D22DE5521A4C14C300E75F4E /* Chapter7.txt */ = {isa = PBXFileReference; fileEncoding = 4; lastKnownFileType = text; path = Chapter7.txt; sourceTree = "<group>"; };
		D22DE5541A4C14C300E75F4E /* E_ReaderView.h */ = {isa = PBXFileReference; fileEncoding = 4; lastKnownFileType = sourcecode.c.h; path = E_ReaderView.h; sourceTree = "<group>"; };
		D22DE5551A4C14C300E75F4E /* E_ReaderView.m */ = {isa = PBXFileReference; fileEncoding = 4; lastKnownFileType = sourcecode.c.objc; path = E_ReaderView.m; sourceTree = "<group>"; };
		D22DE5571A4C14C300E75F4E /* E_ReaderViewController.h */ = {isa = PBXFileReference; fileEncoding = 4; lastKnownFileType = sourcecode.c.h; path = E_ReaderViewController.h; sourceTree = "<group>"; };
		D22DE5581A4C14C300E75F4E /* E_ReaderViewController.m */ = {isa = PBXFileReference; fileEncoding = 4; lastKnownFileType = sourcecode.c.objc; path = E_ReaderViewController.m; sourceTree = "<group>"; };
		D22DE5591A4C14C300E75F4E /* E_ScrollViewController.h */ = {isa = PBXFileReference; fileEncoding = 4; lastKnownFileType = sourcecode.c.h; path = E_ScrollViewController.h; sourceTree = "<group>"; };
		D22DE55A1A4C14C300E75F4E /* E_ScrollViewController.m */ = {isa = PBXFileReference; fileEncoding = 4; lastKnownFileType = sourcecode.c.objc; path = E_ScrollViewController.m; sourceTree = "<group>"; };
		D27768ED1A79F2F200607241 /* E_CursorView.h */ = {isa = PBXFileReference; fileEncoding = 4; lastKnownFileType = sourcecode.c.h; path = E_CursorView.h; sourceTree = "<group>"; };
		D27768EE1A79F2F200607241 /* E_CursorView.m */ = {isa = PBXFileReference; fileEncoding = 4; lastKnownFileType = sourcecode.c.objc; path = E_CursorView.m; sourceTree = "<group>"; };
		D27768F01A7A05D800607241 /* E_MagnifiterView.h */ = {isa = PBXFileReference; fileEncoding = 4; lastKnownFileType = sourcecode.c.h; path = E_MagnifiterView.h; sourceTree = "<group>"; };
		D27768F11A7A05D800607241 /* E_MagnifiterView.m */ = {isa = PBXFileReference; fileEncoding = 4; lastKnownFileType = sourcecode.c.objc; path = E_MagnifiterView.m; sourceTree = "<group>"; };
/* End PBXFileReference section */

/* Begin PBXFrameworksBuildPhase section */
		D22DE5151A4C14A500E75F4E /* Frameworks */ = {
			isa = PBXFrameworksBuildPhase;
			buildActionMask = 2147483647;
			files = (
			);
			runOnlyForDeploymentPostprocessing = 0;
		};
		D22DE52E1A4C14A500E75F4E /* Frameworks */ = {
			isa = PBXFrameworksBuildPhase;
			buildActionMask = 2147483647;
			files = (
			);
			runOnlyForDeploymentPostprocessing = 0;
		};
/* End PBXFrameworksBuildPhase section */

/* Begin PBXGroup section */
		D22DE50F1A4C14A500E75F4E = {
			isa = PBXGroup;
			children = (
				D22DE51A1A4C14A500E75F4E /* WFReader */,
				D22DE5341A4C14A500E75F4E /* WFReaderTests */,
				D22DE5191A4C14A500E75F4E /* Products */,
			);
			sourceTree = "<group>";
		};
		D22DE5191A4C14A500E75F4E /* Products */ = {
			isa = PBXGroup;
			children = (
				D22DE5181A4C14A500E75F4E /* WFReader.app */,
				D22DE5311A4C14A500E75F4E /* WFReaderTests.xctest */,
			);
			name = Products;
			sourceTree = "<group>";
		};
		D22DE51A1A4C14A500E75F4E /* WFReader */ = {
			isa = PBXGroup;
			children = (
				D22DE51F1A4C14A500E75F4E /* AppDelegate.h */,
				D22DE5201A4C14A500E75F4E /* AppDelegate.m */,
				D22DE5221A4C14A500E75F4E /* ViewController.h */,
				D22DE5231A4C14A500E75F4E /* ViewController.m */,
				D22DE5411A4C14C300E75F4E /* EReader */,
				D22DE5251A4C14A500E75F4E /* Main.storyboard */,
				D22DE5281A4C14A500E75F4E /* Images.xcassets */,
				D22DE52A1A4C14A500E75F4E /* LaunchScreen.xib */,
				D22DE51B1A4C14A500E75F4E /* Supporting Files */,
			);
			path = WFReader;
			sourceTree = "<group>";
		};
		D22DE51B1A4C14A500E75F4E /* Supporting Files */ = {
			isa = PBXGroup;
			children = (
				D22DE51C1A4C14A500E75F4E /* Info.plist */,
				D22DE51D1A4C14A500E75F4E /* main.m */,
			);
			name = "Supporting Files";
			sourceTree = "<group>";
		};
		D22DE5341A4C14A500E75F4E /* WFReaderTests */ = {
			isa = PBXGroup;
			children = (
				D22DE5371A4C14A500E75F4E /* WFReaderTests.m */,
				D22DE5351A4C14A500E75F4E /* Supporting Files */,
			);
			path = WFReaderTests;
			sourceTree = "<group>";
		};
		D22DE5351A4C14A500E75F4E /* Supporting Files */ = {
			isa = PBXGroup;
			children = (
				D22DE5361A4C14A500E75F4E /* Info.plist */,
			);
			name = "Supporting Files";
			sourceTree = "<group>";
		};
		D22DE5411A4C14C300E75F4E /* EReader */ = {
			isa = PBXGroup;
			children = (
				D22DE5421A4C14C300E75F4E /* Mode */,
				D22DE54B1A4C14C300E75F4E /* resource */,
				D22DE5531A4C14C300E75F4E /* View */,
				D22DE5561A4C14C300E75F4E /* ViewController */,
			);
			path = EReader;
			sourceTree = "<group>";
		};
		D22DE5421A4C14C300E75F4E /* Mode */ = {
			isa = PBXGroup;
			children = (
				D22DE5431A4C14C300E75F4E /* E_CommonManager.h */,
				D22DE5441A4C14C300E75F4E /* E_CommonManager.m */,
				D22DE5451A4C14C300E75F4E /* E_EveryChapter.h */,
				D22DE5461A4C14C300E75F4E /* E_EveryChapter.m */,
				D22DE5471A4C14C300E75F4E /* E_Paging.h */,
				D22DE5481A4C14C300E75F4E /* E_Paging.mm */,
				D22DE5491A4C14C300E75F4E /* E_ReaderDataSource.h */,
				D22DE54A1A4C14C300E75F4E /* E_ReaderDataSource.m */,
				D206F34C1A4C164300A50C29 /* E_ContantFile.h */,
			);
			path = Mode;
			sourceTree = "<group>";
		};
		D22DE54B1A4C14C300E75F4E /* resource */ = {
			isa = PBXGroup;
			children = (
				D20DC28E1A5FB6AB000EE995 /* r_drag-dot@2x.png */,
				D22DE54C1A4C14C300E75F4E /* Chapter1.txt */,
				D22DE54D1A4C14C300E75F4E /* Chapter2.txt */,
				D22DE54E1A4C14C300E75F4E /* Chapter3.txt */,
				D22DE54F1A4C14C300E75F4E /* Chapter4.txt */,
				D22DE5501A4C14C300E75F4E /* Chapter5.txt */,
				D22DE5511A4C14C300E75F4E /* Chapter6.txt */,
				D22DE5521A4C14C300E75F4E /* Chapter7.txt */,
			);
			path = resource;
			sourceTree = "<group>";
		};
		D22DE5531A4C14C300E75F4E /* View */ = {
			isa = PBXGroup;
			children = (
				D22DE5541A4C14C300E75F4E /* E_ReaderView.h */,
				D22DE5551A4C14C300E75F4E /* E_ReaderView.m */,
				D27768ED1A79F2F200607241 /* E_CursorView.h */,
				D27768EE1A79F2F200607241 /* E_CursorView.m */,
				D27768F01A7A05D800607241 /* E_MagnifiterView.h */,
				D27768F11A7A05D800607241 /* E_MagnifiterView.m */,
			);
			path = View;
			sourceTree = "<group>";
		};
		D22DE5561A4C14C300E75F4E /* ViewController */ = {
			isa = PBXGroup;
			children = (
				D22DE5571A4C14C300E75F4E /* E_ReaderViewController.h */,
				D22DE5581A4C14C300E75F4E /* E_ReaderViewController.m */,
				D22DE5591A4C14C300E75F4E /* E_ScrollViewController.h */,
				D22DE55A1A4C14C300E75F4E /* E_ScrollViewController.m */,
			);
			path = ViewController;
			sourceTree = "<group>";
		};
/* End PBXGroup section */

/* Begin PBXNativeTarget section */
		D22DE5171A4C14A500E75F4E /* WFReader */ = {
			isa = PBXNativeTarget;
			buildConfigurationList = D22DE53B1A4C14A500E75F4E /* Build configuration list for PBXNativeTarget "WFReader" */;
			buildPhases = (
				D22DE5141A4C14A500E75F4E /* Sources */,
				D22DE5151A4C14A500E75F4E /* Frameworks */,
				D22DE5161A4C14A500E75F4E /* Resources */,
			);
			buildRules = (
			);
			dependencies = (
			);
			name = WFReader;
			productName = WFReader;
			productReference = D22DE5181A4C14A500E75F4E /* WFReader.app */;
			productType = "com.apple.product-type.application";
		};
		D22DE5301A4C14A500E75F4E /* WFReaderTests */ = {
			isa = PBXNativeTarget;
			buildConfigurationList = D22DE53E1A4C14A500E75F4E /* Build configuration list for PBXNativeTarget "WFReaderTests" */;
			buildPhases = (
				D22DE52D1A4C14A500E75F4E /* Sources */,
				D22DE52E1A4C14A500E75F4E /* Frameworks */,
				D22DE52F1A4C14A500E75F4E /* Resources */,
			);
			buildRules = (
			);
			dependencies = (
				D22DE5331A4C14A500E75F4E /* PBXTargetDependency */,
			);
			name = WFReaderTests;
			productName = WFReaderTests;
			productReference = D22DE5311A4C14A500E75F4E /* WFReaderTests.xctest */;
			productType = "com.apple.product-type.bundle.unit-test";
		};
/* End PBXNativeTarget section */

/* Begin PBXProject section */
		D22DE5101A4C14A500E75F4E /* Project object */ = {
			isa = PBXProject;
			attributes = {
				LastUpgradeCheck = 0610;
				ORGANIZATIONNAME = tigerwf;
				TargetAttributes = {
					D22DE5171A4C14A500E75F4E = {
						CreatedOnToolsVersion = 6.1;
					};
					D22DE5301A4C14A500E75F4E = {
						CreatedOnToolsVersion = 6.1;
						TestTargetID = D22DE5171A4C14A500E75F4E;
					};
				};
			};
			buildConfigurationList = D22DE5131A4C14A500E75F4E /* Build configuration list for PBXProject "WFReader" */;
			compatibilityVersion = "Xcode 3.2";
			developmentRegion = English;
			hasScannedForEncodings = 0;
			knownRegions = (
				en,
				Base,
			);
			mainGroup = D22DE50F1A4C14A500E75F4E;
			productRefGroup = D22DE5191A4C14A500E75F4E /* Products */;
			projectDirPath = "";
			projectRoot = "";
			targets = (
				D22DE5171A4C14A500E75F4E /* WFReader */,
				D22DE5301A4C14A500E75F4E /* WFReaderTests */,
			);
		};
/* End PBXProject section */

/* Begin PBXResourcesBuildPhase section */
		D22DE5161A4C14A500E75F4E /* Resources */ = {
			isa = PBXResourcesBuildPhase;
			buildActionMask = 2147483647;
			files = (
				D22DE5271A4C14A500E75F4E /* Main.storyboard in Resources */,
				D22DE52C1A4C14A500E75F4E /* LaunchScreen.xib in Resources */,
				D22DE5651A4C14C300E75F4E /* Chapter7.txt in Resources */,
				D22DE5641A4C14C300E75F4E /* Chapter6.txt in Resources */,
				D22DE5611A4C14C300E75F4E /* Chapter3.txt in Resources */,
				D22DE5601A4C14C300E75F4E /* Chapter2.txt in Resources */,
				D20DC28F1A5FB6AB000EE995 /* r_drag-dot@2x.png in Resources */,
				D22DE55F1A4C14C300E75F4E /* Chapter1.txt in Resources */,
				D22DE5621A4C14C300E75F4E /* Chapter4.txt in Resources */,
				D22DE5631A4C14C300E75F4E /* Chapter5.txt in Resources */,
				D22DE5291A4C14A500E75F4E /* Images.xcassets in Resources */,
			);
			runOnlyForDeploymentPostprocessing = 0;
		};
		D22DE52F1A4C14A500E75F4E /* Resources */ = {
			isa = PBXResourcesBuildPhase;
			buildActionMask = 2147483647;
			files = (
			);
			runOnlyForDeploymentPostprocessing = 0;
		};
/* End PBXResourcesBuildPhase section */

/* Begin PBXSourcesBuildPhase section */
		D22DE5141A4C14A500E75F4E /* Sources */ = {
			isa = PBXSourcesBuildPhase;
			buildActionMask = 2147483647;
			files = (
				D27768EF1A79F2F200607241 /* E_CursorView.m in Sources */,
				D22DE55B1A4C14C300E75F4E /* E_CommonManager.m in Sources */,
				D22DE5671A4C14C300E75F4E /* E_ReaderViewController.m in Sources */,
				D22DE55D1A4C14C300E75F4E /* E_Paging.mm in Sources */,
				D22DE5241A4C14A500E75F4E /* ViewController.m in Sources */,
				D22DE5661A4C14C300E75F4E /* E_ReaderView.m in Sources */,
				D22DE55C1A4C14C300E75F4E /* E_EveryChapter.m in Sources */,
				D22DE55E1A4C14C300E75F4E /* E_ReaderDataSource.m in Sources */,
				D22DE5681A4C14C300E75F4E /* E_ScrollViewController.m in Sources */,
				D22DE5211A4C14A500E75F4E /* AppDelegate.m in Sources */,
				D27768F21A7A05D800607241 /* E_MagnifiterView.m in Sources */,
				D22DE51E1A4C14A500E75F4E /* main.m in Sources */,
			);
			runOnlyForDeploymentPostprocessing = 0;
		};
		D22DE52D1A4C14A500E75F4E /* Sources */ = {
			isa = PBXSourcesBuildPhase;
			buildActionMask = 2147483647;
			files = (
				D22DE5381A4C14A500E75F4E /* WFReaderTests.m in Sources */,
			);
			runOnlyForDeploymentPostprocessing = 0;
		};
/* End PBXSourcesBuildPhase section */

/* Begin PBXTargetDependency section */
		D22DE5331A4C14A500E75F4E /* PBXTargetDependency */ = {
			isa = PBXTargetDependency;
			target = D22DE5171A4C14A500E75F4E /* WFReader */;
			targetProxy = D22DE5321A4C14A500E75F4E /* PBXContainerItemProxy */;
		};
/* End PBXTargetDependency section */

/* Begin PBXVariantGroup section */
		D22DE5251A4C14A500E75F4E /* Main.storyboard */ = {
			isa = PBXVariantGroup;
			children = (
				D22DE5261A4C14A500E75F4E /* Base */,
			);
			name = Main.storyboard;
			sourceTree = "<group>";
		};
		D22DE52A1A4C14A500E75F4E /* LaunchScreen.xib */ = {
			isa = PBXVariantGroup;
			children = (
				D22DE52B1A4C14A500E75F4E /* Base */,
			);
			name = LaunchScreen.xib;
			sourceTree = "<group>";
		};
/* End PBXVariantGroup section */

/* Begin XCBuildConfiguration section */
		D22DE5391A4C14A500E75F4E /* Debug */ = {
			isa = XCBuildConfiguration;
			buildSettings = {
				ALWAYS_SEARCH_USER_PATHS = NO;
				CLANG_CXX_LANGUAGE_STANDARD = "gnu++0x";
				CLANG_CXX_LIBRARY = "libc++";
				CLANG_ENABLE_MODULES = YES;
				CLANG_ENABLE_OBJC_ARC = YES;
				CLANG_WARN_BOOL_CONVERSION = YES;
				CLANG_WARN_CONSTANT_CONVERSION = YES;
				CLANG_WARN_DIRECT_OBJC_ISA_USAGE = YES_ERROR;
				CLANG_WARN_EMPTY_BODY = YES;
				CLANG_WARN_ENUM_CONVERSION = YES;
				CLANG_WARN_INT_CONVERSION = YES;
				CLANG_WARN_OBJC_ROOT_CLASS = YES_ERROR;
				CLANG_WARN_UNREACHABLE_CODE = YES;
				CLANG_WARN__DUPLICATE_METHOD_MATCH = YES;
				"CODE_SIGN_IDENTITY[sdk=iphoneos*]" = "iPhone Developer";
				COPY_PHASE_STRIP = NO;
				ENABLE_STRICT_OBJC_MSGSEND = YES;
				GCC_C_LANGUAGE_STANDARD = gnu99;
				GCC_DYNAMIC_NO_PIC = NO;
				GCC_OPTIMIZATION_LEVEL = 0;
				GCC_PREPROCESSOR_DEFINITIONS = (
					"DEBUG=1",
					"$(inherited)",
				);
				GCC_SYMBOLS_PRIVATE_EXTERN = NO;
				GCC_WARN_64_TO_32_BIT_CONVERSION = YES;
				GCC_WARN_ABOUT_RETURN_TYPE = YES_ERROR;
				GCC_WARN_UNDECLARED_SELECTOR = YES;
				GCC_WARN_UNINITIALIZED_AUTOS = YES_AGGRESSIVE;
				GCC_WARN_UNUSED_FUNCTION = YES;
				GCC_WARN_UNUSED_VARIABLE = YES;
				IPHONEOS_DEPLOYMENT_TARGET = 8.1;
				MTL_ENABLE_DEBUG_INFO = YES;
				ONLY_ACTIVE_ARCH = YES;
				SDKROOT = iphoneos;
			};
			name = Debug;
		};
		D22DE53A1A4C14A500E75F4E /* Release */ = {
			isa = XCBuildConfiguration;
			buildSettings = {
				ALWAYS_SEARCH_USER_PATHS = NO;
				CLANG_CXX_LANGUAGE_STANDARD = "gnu++0x";
				CLANG_CXX_LIBRARY = "libc++";
				CLANG_ENABLE_MODULES = YES;
				CLANG_ENABLE_OBJC_ARC = YES;
				CLANG_WARN_BOOL_CONVERSION = YES;
				CLANG_WARN_CONSTANT_CONVERSION = YES;
				CLANG_WARN_DIRECT_OBJC_ISA_USAGE = YES_ERROR;
				CLANG_WARN_EMPTY_BODY = YES;
				CLANG_WARN_ENUM_CONVERSION = YES;
				CLANG_WARN_INT_CONVERSION = YES;
				CLANG_WARN_OBJC_ROOT_CLASS = YES_ERROR;
				CLANG_WARN_UNREACHABLE_CODE = YES;
				CLANG_WARN__DUPLICATE_METHOD_MATCH = YES;
				"CODE_SIGN_IDENTITY[sdk=iphoneos*]" = "iPhone Developer";
				COPY_PHASE_STRIP = YES;
				ENABLE_NS_ASSERTIONS = NO;
				ENABLE_STRICT_OBJC_MSGSEND = YES;
				GCC_C_LANGUAGE_STANDARD = gnu99;
				GCC_WARN_64_TO_32_BIT_CONVERSION = YES;
				GCC_WARN_ABOUT_RETURN_TYPE = YES_ERROR;
				GCC_WARN_UNDECLARED_SELECTOR = YES;
				GCC_WARN_UNINITIALIZED_AUTOS = YES_AGGRESSIVE;
				GCC_WARN_UNUSED_FUNCTION = YES;
				GCC_WARN_UNUSED_VARIABLE = YES;
				IPHONEOS_DEPLOYMENT_TARGET = 8.1;
				MTL_ENABLE_DEBUG_INFO = NO;
				SDKROOT = iphoneos;
				VALIDATE_PRODUCT = YES;
			};
			name = Release;
		};
		D22DE53C1A4C14A500E75F4E /* Debug */ = {
			isa = XCBuildConfiguration;
			buildSettings = {
				ASSETCATALOG_COMPILER_APPICON_NAME = AppIcon;
				INFOPLIST_FILE = WFReader/Info.plist;
				LD_RUNPATH_SEARCH_PATHS = "$(inherited) @executable_path/Frameworks";
				PRODUCT_NAME = "$(TARGET_NAME)";
			};
			name = Debug;
		};
		D22DE53D1A4C14A500E75F4E /* Release */ = {
			isa = XCBuildConfiguration;
			buildSettings = {
				ASSETCATALOG_COMPILER_APPICON_NAME = AppIcon;
				INFOPLIST_FILE = WFReader/Info.plist;
				LD_RUNPATH_SEARCH_PATHS = "$(inherited) @executable_path/Frameworks";
				PRODUCT_NAME = "$(TARGET_NAME)";
			};
			name = Release;
		};
		D22DE53F1A4C14A500E75F4E /* Debug */ = {
			isa = XCBuildConfiguration;
			buildSettings = {
				BUNDLE_LOADER = "$(TEST_HOST)";
				FRAMEWORK_SEARCH_PATHS = (
					"$(SDKROOT)/Developer/Library/Frameworks",
					"$(inherited)",
				);
				GCC_PREPROCESSOR_DEFINITIONS = (
					"DEBUG=1",
					"$(inherited)",
				);
				INFOPLIST_FILE = WFReaderTests/Info.plist;
				LD_RUNPATH_SEARCH_PATHS = "$(inherited) @executable_path/Frameworks @loader_path/Frameworks";
				PRODUCT_NAME = "$(TARGET_NAME)";
				TEST_HOST = "$(BUILT_PRODUCTS_DIR)/WFReader.app/WFReader";
			};
			name = Debug;
		};
		D22DE5401A4C14A500E75F4E /* Release */ = {
			isa = XCBuildConfiguration;
			buildSettings = {
				BUNDLE_LOADER = "$(TEST_HOST)";
				FRAMEWORK_SEARCH_PATHS = (
					"$(SDKROOT)/Developer/Library/Frameworks",
					"$(inherited)",
				);
				INFOPLIST_FILE = WFReaderTests/Info.plist;
				LD_RUNPATH_SEARCH_PATHS = "$(inherited) @executable_path/Frameworks @loader_path/Frameworks";
				PRODUCT_NAME = "$(TARGET_NAME)";
				TEST_HOST = "$(BUILT_PRODUCTS_DIR)/WFReader.app/WFReader";
			};
			name = Release;
		};
/* End XCBuildConfiguration section */

/* Begin XCConfigurationList section */
		D22DE5131A4C14A500E75F4E /* Build configuration list for PBXProject "WFReader" */ = {
			isa = XCConfigurationList;
			buildConfigurations = (
				D22DE5391A4C14A500E75F4E /* Debug */,
				D22DE53A1A4C14A500E75F4E /* Release */,
			);
			defaultConfigurationIsVisible = 0;
			defaultConfigurationName = Release;
		};
		D22DE53B1A4C14A500E75F4E /* Build configuration list for PBXNativeTarget "WFReader" */ = {
			isa = XCConfigurationList;
			buildConfigurations = (
				D22DE53C1A4C14A500E75F4E /* Debug */,
				D22DE53D1A4C14A500E75F4E /* Release */,
			);
			defaultConfigurationIsVisible = 0;
			defaultConfigurationName = Release;
		};
		D22DE53E1A4C14A500E75F4E /* Build configuration list for PBXNativeTarget "WFReaderTests" */ = {
			isa = XCConfigurationList;
			buildConfigurations = (
				D22DE53F1A4C14A500E75F4E /* Debug */,
				D22DE5401A4C14A500E75F4E /* Release */,
			);
			defaultConfigurationIsVisible = 0;
			defaultConfigurationName = Release;
		};
/* End XCConfigurationList section */
	};
	rootObject = D22DE5101A4C14A500E75F4E /* Project object */;
}
